
Microsoft Visual Studio Solution File, Format Version 12.00
# Visual Studio 14
VisualStudioVersion = 14.0.23107.0
MinimumVisualStudioVersion = 10.0.40219.1
Project("{F184B08F-C81C-45F6-A57F-5ABD9991F28F}") = "Bwl.Network.ClientServer", "Bwl.Network.ClientServer\Bwl.Network.ClientServer.vbproj", "{E8D43E81-DE74-4F1C-9A3B-F3B16ADDFC18}"
EndProject
Project("{F184B08F-C81C-45F6-A57F-5ABD9991F28F}") = "Bwl.Framework", "bwl.Framework\Bwl.Framework.vbproj", "{E18C7249-22C8-4147-91EF-8A2721F0F026}"
EndProject
Project("{F184B08F-C81C-45F6-A57F-5ABD9991F28F}") = "bwl.Network.ClientServer.Remoting.Test", "bwl.Network.ClientServer.Remoting.Test\bwl.Network.ClientServer.Remoting.Test.vbproj", "{E2939B3A-1ED4-48EC-97E6-F15DFF705C82}"
EndProject
Project("{F184B08F-C81C-45F6-A57F-5ABD9991F28F}") = "Bwl.Network.ClientServer.Remoting.Tool", "Bwl.Network.ClientServer.Remoting.Tool\Bwl.Network.ClientServer.Remoting.Tool.vbproj", "{D2AE6605-F9D6-4115-A5B5-E64FB0B7E63F}"
EndProject
Project("{F184B08F-C81C-45F6-A57F-5ABD9991F28F}") = "Bwl.Network.ClientServer.Repeater", "Bwl.Network.ClientServer.Repeater\Bwl.Network.ClientServer.Repeater.vbproj", "{5C1039A1-484A-40C3-B5BE-A868BCCC4889}"
EndProject
Project("{F184B08F-C81C-45F6-A57F-5ABD9991F28F}") = "Bwl.Framework.Test", "Bwl.Framework.Test\Bwl.Framework.Test.vbproj", "{67E94558-938E-4DDE-93F4-E5ABEECE626F}"
EndProject
Project("{F184B08F-C81C-45F6-A57F-5ABD9991F28F}") = "bwl.Network.ClientServer.CableTest", "bwl.Network.ClientServer.CableTest\bwl.Network.ClientServer.CableTest.vbproj", "{4B6F7924-7B20-4A56-9078-2E460CC1D621}"
EndProject
Project("{F184B08F-C81C-45F6-A57F-5ABD9991F28F}") = "bwl.Network.ClientServer.FTDI", "bwl.Network.ClientServer.FTDI\bwl.Network.ClientServer.FTDI.vbproj", "{D44D54A7-051E-4D6B-AB43-986F96B0082B}"
EndProject
Project("{F184B08F-C81C-45F6-A57F-5ABD9991F28F}") = "Bwl.Network.ClientServer.Test", "bwl.Network.ClientServer.Test\Bwl.Network.ClientServer.Test.vbproj", "{D31646A7-2452-4F87-BBA2-AB531D6A1699}"
EndProject
Project("{F184B08F-C81C-45F6-A57F-5ABD9991F28F}") = "bwl.Network.ClientServer.TestResponder", "bwl.Network.ClientServer.TestResponder\bwl.Network.ClientServer.TestResponder.vbproj", "{7CE3CFF5-D210-4AAD-90B8-62A94ED839C8}"
EndProject
Project("{F184B08F-C81C-45F6-A57F-5ABD9991F28F}") = "Bwl.Network.ClientServer.Tool", "Bwl.Network.ClientServer.Tool\Bwl.Network.ClientServer.Tool.vbproj", "{D8B576E1-36DD-4D28-B7AA-E7BCCA41F2C6}"
EndProject
Global
	GlobalSection(SolutionConfigurationPlatforms) = preSolution
		Debug|Any CPU = Debug|Any CPU
		Debug|x86 = Debug|x86
		Debug-Console|Any CPU = Debug-Console|Any CPU
		Debug-Console|x86 = Debug-Console|x86
		Debug-Gui|Any CPU = Debug-Gui|Any CPU
		Debug-Gui|x86 = Debug-Gui|x86
		Release|Any CPU = Release|Any CPU
		Release|x86 = Release|x86
	EndGlobalSection
	GlobalSection(ProjectConfigurationPlatforms) = postSolution
		{E8D43E81-DE74-4F1C-9A3B-F3B16ADDFC18}.Debug|Any CPU.ActiveCfg = Debug|Any CPU
		{E8D43E81-DE74-4F1C-9A3B-F3B16ADDFC18}.Debug|Any CPU.Build.0 = Debug|Any CPU
		{E8D43E81-DE74-4F1C-9A3B-F3B16ADDFC18}.Debug|x86.ActiveCfg = Debug|Any CPU
		{E8D43E81-DE74-4F1C-9A3B-F3B16ADDFC18}.Debug|x86.Build.0 = Debug|Any CPU
		{E8D43E81-DE74-4F1C-9A3B-F3B16ADDFC18}.Debug-Console|Any CPU.ActiveCfg = Debug|Any CPU
		{E8D43E81-DE74-4F1C-9A3B-F3B16ADDFC18}.Debug-Console|Any CPU.Build.0 = Debug|Any CPU
		{E8D43E81-DE74-4F1C-9A3B-F3B16ADDFC18}.Debug-Console|x86.ActiveCfg = Debug|Any CPU
		{E8D43E81-DE74-4F1C-9A3B-F3B16ADDFC18}.Debug-Console|x86.Build.0 = Debug|Any CPU
		{E8D43E81-DE74-4F1C-9A3B-F3B16ADDFC18}.Debug-Gui|Any CPU.ActiveCfg = Debug|Any CPU
		{E8D43E81-DE74-4F1C-9A3B-F3B16ADDFC18}.Debug-Gui|Any CPU.Build.0 = Debug|Any CPU
		{E8D43E81-DE74-4F1C-9A3B-F3B16ADDFC18}.Debug-Gui|x86.ActiveCfg = Debug|Any CPU
		{E8D43E81-DE74-4F1C-9A3B-F3B16ADDFC18}.Debug-Gui|x86.Build.0 = Debug|Any CPU
		{E8D43E81-DE74-4F1C-9A3B-F3B16ADDFC18}.Release|Any CPU.ActiveCfg = Release|Any CPU
		{E8D43E81-DE74-4F1C-9A3B-F3B16ADDFC18}.Release|Any CPU.Build.0 = Release|Any CPU
		{E8D43E81-DE74-4F1C-9A3B-F3B16ADDFC18}.Release|x86.ActiveCfg = Release|Any CPU
		{E8D43E81-DE74-4F1C-9A3B-F3B16ADDFC18}.Release|x86.Build.0 = Release|Any CPU
		{E18C7249-22C8-4147-91EF-8A2721F0F026}.Debug|Any CPU.ActiveCfg = Debug|Any CPU
		{E18C7249-22C8-4147-91EF-8A2721F0F026}.Debug|Any CPU.Build.0 = Debug|Any CPU
		{E18C7249-22C8-4147-91EF-8A2721F0F026}.Debug|x86.ActiveCfg = Debug|Any CPU
		{E18C7249-22C8-4147-91EF-8A2721F0F026}.Debug|x86.Build.0 = Debug|Any CPU
		{E18C7249-22C8-4147-91EF-8A2721F0F026}.Debug-Console|Any CPU.ActiveCfg = Debug|Any CPU
		{E18C7249-22C8-4147-91EF-8A2721F0F026}.Debug-Console|Any CPU.Build.0 = Debug|Any CPU
		{E18C7249-22C8-4147-91EF-8A2721F0F026}.Debug-Console|x86.ActiveCfg = Debug|Any CPU
		{E18C7249-22C8-4147-91EF-8A2721F0F026}.Debug-Console|x86.Build.0 = Debug|Any CPU
		{E18C7249-22C8-4147-91EF-8A2721F0F026}.Debug-Gui|Any CPU.ActiveCfg = Debug|Any CPU
		{E18C7249-22C8-4147-91EF-8A2721F0F026}.Debug-Gui|Any CPU.Build.0 = Debug|Any CPU
		{E18C7249-22C8-4147-91EF-8A2721F0F026}.Debug-Gui|x86.ActiveCfg = Debug|Any CPU
		{E18C7249-22C8-4147-91EF-8A2721F0F026}.Debug-Gui|x86.Build.0 = Debug|Any CPU
		{E18C7249-22C8-4147-91EF-8A2721F0F026}.Release|Any CPU.ActiveCfg = Release|Any CPU
		{E18C7249-22C8-4147-91EF-8A2721F0F026}.Release|Any CPU.Build.0 = Release|Any CPU
		{E18C7249-22C8-4147-91EF-8A2721F0F026}.Release|x86.ActiveCfg = Release|Any CPU
		{E18C7249-22C8-4147-91EF-8A2721F0F026}.Release|x86.Build.0 = Release|Any CPU
		{E2939B3A-1ED4-48EC-97E6-F15DFF705C82}.Debug|Any CPU.ActiveCfg = Debug|Any CPU
		{E2939B3A-1ED4-48EC-97E6-F15DFF705C82}.Debug|Any CPU.Build.0 = Debug|Any CPU
		{E2939B3A-1ED4-48EC-97E6-F15DFF705C82}.Debug|x86.ActiveCfg = Debug|Any CPU
		{E2939B3A-1ED4-48EC-97E6-F15DFF705C82}.Debug|x86.Build.0 = Debug|Any CPU
		{E2939B3A-1ED4-48EC-97E6-F15DFF705C82}.Debug-Console|Any CPU.ActiveCfg = Debug|Any CPU
		{E2939B3A-1ED4-48EC-97E6-F15DFF705C82}.Debug-Console|Any CPU.Build.0 = Debug|Any CPU
		{E2939B3A-1ED4-48EC-97E6-F15DFF705C82}.Debug-Console|x86.ActiveCfg = Debug|Any CPU
		{E2939B3A-1ED4-48EC-97E6-F15DFF705C82}.Debug-Console|x86.Build.0 = Debug|Any CPU
		{E2939B3A-1ED4-48EC-97E6-F15DFF705C82}.Debug-Gui|Any CPU.ActiveCfg = Debug|Any CPU
		{E2939B3A-1ED4-48EC-97E6-F15DFF705C82}.Debug-Gui|Any CPU.Build.0 = Debug|Any CPU
		{E2939B3A-1ED4-48EC-97E6-F15DFF705C82}.Debug-Gui|x86.ActiveCfg = Debug|Any CPU
		{E2939B3A-1ED4-48EC-97E6-F15DFF705C82}.Debug-Gui|x86.Build.0 = Debug|Any CPU
		{E2939B3A-1ED4-48EC-97E6-F15DFF705C82}.Release|Any CPU.ActiveCfg = Release|Any CPU
		{E2939B3A-1ED4-48EC-97E6-F15DFF705C82}.Release|Any CPU.Build.0 = Release|Any CPU
		{E2939B3A-1ED4-48EC-97E6-F15DFF705C82}.Release|x86.ActiveCfg = Release|Any CPU
		{E2939B3A-1ED4-48EC-97E6-F15DFF705C82}.Release|x86.Build.0 = Release|Any CPU
		{D2AE6605-F9D6-4115-A5B5-E64FB0B7E63F}.Debug|Any CPU.ActiveCfg = Debug|Any CPU
		{D2AE6605-F9D6-4115-A5B5-E64FB0B7E63F}.Debug|Any CPU.Build.0 = Debug|Any CPU
		{D2AE6605-F9D6-4115-A5B5-E64FB0B7E63F}.Debug|x86.ActiveCfg = Debug|Any CPU
		{D2AE6605-F9D6-4115-A5B5-E64FB0B7E63F}.Debug|x86.Build.0 = Debug|Any CPU
		{D2AE6605-F9D6-4115-A5B5-E64FB0B7E63F}.Debug-Console|Any CPU.ActiveCfg = Debug|Any CPU
		{D2AE6605-F9D6-4115-A5B5-E64FB0B7E63F}.Debug-Console|Any CPU.Build.0 = Debug|Any CPU
		{D2AE6605-F9D6-4115-A5B5-E64FB0B7E63F}.Debug-Console|x86.ActiveCfg = Debug|Any CPU
		{D2AE6605-F9D6-4115-A5B5-E64FB0B7E63F}.Debug-Console|x86.Build.0 = Debug|Any CPU
		{D2AE6605-F9D6-4115-A5B5-E64FB0B7E63F}.Debug-Gui|Any CPU.ActiveCfg = Debug|Any CPU
		{D2AE6605-F9D6-4115-A5B5-E64FB0B7E63F}.Debug-Gui|Any CPU.Build.0 = Debug|Any CPU
		{D2AE6605-F9D6-4115-A5B5-E64FB0B7E63F}.Debug-Gui|x86.ActiveCfg = Debug|Any CPU
		{D2AE6605-F9D6-4115-A5B5-E64FB0B7E63F}.Debug-Gui|x86.Build.0 = Debug|Any CPU
		{D2AE6605-F9D6-4115-A5B5-E64FB0B7E63F}.Release|Any CPU.ActiveCfg = Release|Any CPU
		{D2AE6605-F9D6-4115-A5B5-E64FB0B7E63F}.Release|Any CPU.Build.0 = Release|Any CPU
		{D2AE6605-F9D6-4115-A5B5-E64FB0B7E63F}.Release|x86.ActiveCfg = Release|Any CPU
		{D2AE6605-F9D6-4115-A5B5-E64FB0B7E63F}.Release|x86.Build.0 = Release|Any CPU
		{5C1039A1-484A-40C3-B5BE-A868BCCC4889}.Debug|Any CPU.ActiveCfg = Debug|Any CPU
		{5C1039A1-484A-40C3-B5BE-A868BCCC4889}.Debug|Any CPU.Build.0 = Debug|Any CPU
		{5C1039A1-484A-40C3-B5BE-A868BCCC4889}.Debug|x86.ActiveCfg = Debug|Any CPU
		{5C1039A1-484A-40C3-B5BE-A868BCCC4889}.Debug|x86.Build.0 = Debug|Any CPU
		{5C1039A1-484A-40C3-B5BE-A868BCCC4889}.Debug-Console|Any CPU.ActiveCfg = Debug-Console|Any CPU
		{5C1039A1-484A-40C3-B5BE-A868BCCC4889}.Debug-Console|Any CPU.Build.0 = Debug-Console|Any CPU
		{5C1039A1-484A-40C3-B5BE-A868BCCC4889}.Debug-Console|x86.ActiveCfg = Debug-Console|Any CPU
		{5C1039A1-484A-40C3-B5BE-A868BCCC4889}.Debug-Console|x86.Build.0 = Debug-Console|Any CPU
		{5C1039A1-484A-40C3-B5BE-A868BCCC4889}.Debug-Gui|Any CPU.ActiveCfg = Debug-Gui|Any CPU
		{5C1039A1-484A-40C3-B5BE-A868BCCC4889}.Debug-Gui|Any CPU.Build.0 = Debug-Gui|Any CPU
		{5C1039A1-484A-40C3-B5BE-A868BCCC4889}.Debug-Gui|x86.ActiveCfg = Debug-Gui|Any CPU
		{5C1039A1-484A-40C3-B5BE-A868BCCC4889}.Debug-Gui|x86.Build.0 = Debug-Gui|Any CPU
		{5C1039A1-484A-40C3-B5BE-A868BCCC4889}.Release|Any CPU.ActiveCfg = Release|Any CPU
		{5C1039A1-484A-40C3-B5BE-A868BCCC4889}.Release|Any CPU.Build.0 = Release|Any CPU
		{5C1039A1-484A-40C3-B5BE-A868BCCC4889}.Release|x86.ActiveCfg = Release|Any CPU
		{5C1039A1-484A-40C3-B5BE-A868BCCC4889}.Release|x86.Build.0 = Release|Any CPU
		{67E94558-938E-4DDE-93F4-E5ABEECE626F}.Debug|Any CPU.ActiveCfg = Debug|Any CPU
		{67E94558-938E-4DDE-93F4-E5ABEECE626F}.Debug|Any CPU.Build.0 = Debug|Any CPU
		{67E94558-938E-4DDE-93F4-E5ABEECE626F}.Debug|x86.ActiveCfg = Debug|Any CPU
		{67E94558-938E-4DDE-93F4-E5ABEECE626F}.Debug|x86.Build.0 = Debug|Any CPU
		{67E94558-938E-4DDE-93F4-E5ABEECE626F}.Debug-Console|Any CPU.ActiveCfg = Debug|Any CPU
		{67E94558-938E-4DDE-93F4-E5ABEECE626F}.Debug-Console|Any CPU.Build.0 = Debug|Any CPU
		{67E94558-938E-4DDE-93F4-E5ABEECE626F}.Debug-Console|x86.ActiveCfg = Debug|Any CPU
		{67E94558-938E-4DDE-93F4-E5ABEECE626F}.Debug-Console|x86.Build.0 = Debug|Any CPU
		{67E94558-938E-4DDE-93F4-E5ABEECE626F}.Debug-Gui|Any CPU.ActiveCfg = Debug|Any CPU
		{67E94558-938E-4DDE-93F4-E5ABEECE626F}.Debug-Gui|Any CPU.Build.0 = Debug|Any CPU
		{67E94558-938E-4DDE-93F4-E5ABEECE626F}.Debug-Gui|x86.ActiveCfg = Debug|Any CPU
		{67E94558-938E-4DDE-93F4-E5ABEECE626F}.Debug-Gui|x86.Build.0 = Debug|Any CPU
		{67E94558-938E-4DDE-93F4-E5ABEECE626F}.Release|Any CPU.ActiveCfg = Release|Any CPU
		{67E94558-938E-4DDE-93F4-E5ABEECE626F}.Release|Any CPU.Build.0 = Release|Any CPU
		{67E94558-938E-4DDE-93F4-E5ABEECE626F}.Release|x86.ActiveCfg = Release|Any CPU
		{67E94558-938E-4DDE-93F4-E5ABEECE626F}.Release|x86.Build.0 = Release|Any CPU
		{4B6F7924-7B20-4A56-9078-2E460CC1D621}.Debug|Any CPU.ActiveCfg = Debug|Any CPU
		{4B6F7924-7B20-4A56-9078-2E460CC1D621}.Debug|Any CPU.Build.0 = Debug|Any CPU
		{4B6F7924-7B20-4A56-9078-2E460CC1D621}.Debug|x86.ActiveCfg = Debug|Any CPU
		{4B6F7924-7B20-4A56-9078-2E460CC1D621}.Debug|x86.Build.0 = Debug|Any CPU
		{4B6F7924-7B20-4A56-9078-2E460CC1D621}.Debug-Console|Any CPU.ActiveCfg = Debug|Any CPU
		{4B6F7924-7B20-4A56-9078-2E460CC1D621}.Debug-Console|Any CPU.Build.0 = Debug|Any CPU
		{4B6F7924-7B20-4A56-9078-2E460CC1D621}.Debug-Console|x86.ActiveCfg = Debug|Any CPU
		{4B6F7924-7B20-4A56-9078-2E460CC1D621}.Debug-Console|x86.Build.0 = Debug|Any CPU
		{4B6F7924-7B20-4A56-9078-2E460CC1D621}.Debug-Gui|Any CPU.ActiveCfg = Debug|Any CPU
		{4B6F7924-7B20-4A56-9078-2E460CC1D621}.Debug-Gui|Any CPU.Build.0 = Debug|Any CPU
		{4B6F7924-7B20-4A56-9078-2E460CC1D621}.Debug-Gui|x86.ActiveCfg = Debug|Any CPU
		{4B6F7924-7B20-4A56-9078-2E460CC1D621}.Debug-Gui|x86.Build.0 = Debug|Any CPU
		{4B6F7924-7B20-4A56-9078-2E460CC1D621}.Release|Any CPU.ActiveCfg = Release|Any CPU
		{4B6F7924-7B20-4A56-9078-2E460CC1D621}.Release|Any CPU.Build.0 = Release|Any CPU
		{4B6F7924-7B20-4A56-9078-2E460CC1D621}.Release|x86.ActiveCfg = Release|Any CPU
		{4B6F7924-7B20-4A56-9078-2E460CC1D621}.Release|x86.Build.0 = Release|Any CPU
		{D44D54A7-051E-4D6B-AB43-986F96B0082B}.Debug|Any CPU.ActiveCfg = Debug|Any CPU
		{D44D54A7-051E-4D6B-AB43-986F96B0082B}.Debug|Any CPU.Build.0 = Debug|Any CPU
		{D44D54A7-051E-4D6B-AB43-986F96B0082B}.Debug|x86.ActiveCfg = Debug|Any CPU
		{D44D54A7-051E-4D6B-AB43-986F96B0082B}.Debug|x86.Build.0 = Debug|Any CPU
		{D44D54A7-051E-4D6B-AB43-986F96B0082B}.Debug-Console|Any CPU.ActiveCfg = Debug|Any CPU
		{D44D54A7-051E-4D6B-AB43-986F96B0082B}.Debug-Console|Any CPU.Build.0 = Debug|Any CPU
		{D44D54A7-051E-4D6B-AB43-986F96B0082B}.Debug-Console|x86.ActiveCfg = Debug|Any CPU
		{D44D54A7-051E-4D6B-AB43-986F96B0082B}.Debug-Console|x86.Build.0 = Debug|Any CPU
		{D44D54A7-051E-4D6B-AB43-986F96B0082B}.Debug-Gui|Any CPU.ActiveCfg = Debug|Any CPU
		{D44D54A7-051E-4D6B-AB43-986F96B0082B}.Debug-Gui|Any CPU.Build.0 = Debug|Any CPU
		{D44D54A7-051E-4D6B-AB43-986F96B0082B}.Debug-Gui|x86.ActiveCfg = Debug|Any CPU
		{D44D54A7-051E-4D6B-AB43-986F96B0082B}.Debug-Gui|x86.Build.0 = Debug|Any CPU
		{D44D54A7-051E-4D6B-AB43-986F96B0082B}.Release|Any CPU.ActiveCfg = Release|Any CPU
		{D44D54A7-051E-4D6B-AB43-986F96B0082B}.Release|Any CPU.Build.0 = Release|Any CPU
		{D44D54A7-051E-4D6B-AB43-986F96B0082B}.Release|x86.ActiveCfg = Release|Any CPU
		{D44D54A7-051E-4D6B-AB43-986F96B0082B}.Release|x86.Build.0 = Release|Any CPU
		{D31646A7-2452-4F87-BBA2-AB531D6A1699}.Debug|Any CPU.ActiveCfg = Debug|Any CPU
		{D31646A7-2452-4F87-BBA2-AB531D6A1699}.Debug|Any CPU.Build.0 = Debug|Any CPU
		{D31646A7-2452-4F87-BBA2-AB531D6A1699}.Debug|x86.ActiveCfg = Debug|x86
		{D31646A7-2452-4F87-BBA2-AB531D6A1699}.Debug|x86.Build.0 = Debug|x86
		{D31646A7-2452-4F87-BBA2-AB531D6A1699}.Debug-Console|Any CPU.ActiveCfg = Debug|Any CPU
		{D31646A7-2452-4F87-BBA2-AB531D6A1699}.Debug-Console|Any CPU.Build.0 = Debug|Any CPU
		{D31646A7-2452-4F87-BBA2-AB531D6A1699}.Debug-Console|x86.ActiveCfg = Debug|x86
		{D31646A7-2452-4F87-BBA2-AB531D6A1699}.Debug-Console|x86.Build.0 = Debug|x86
		{D31646A7-2452-4F87-BBA2-AB531D6A1699}.Debug-Gui|Any CPU.ActiveCfg = Debug|Any CPU
		{D31646A7-2452-4F87-BBA2-AB531D6A1699}.Debug-Gui|Any CPU.Build.0 = Debug|Any CPU
		{D31646A7-2452-4F87-BBA2-AB531D6A1699}.Debug-Gui|x86.ActiveCfg = Debug|x86
		{D31646A7-2452-4F87-BBA2-AB531D6A1699}.Debug-Gui|x86.Build.0 = Debug|x86
		{D31646A7-2452-4F87-BBA2-AB531D6A1699}.Release|Any CPU.ActiveCfg = Release|Any CPU
		{D31646A7-2452-4F87-BBA2-AB531D6A1699}.Release|Any CPU.Build.0 = Release|Any CPU
		{D31646A7-2452-4F87-BBA2-AB531D6A1699}.Release|x86.ActiveCfg = Release|x86
		{D31646A7-2452-4F87-BBA2-AB531D6A1699}.Release|x86.Build.0 = Release|x86
		{7CE3CFF5-D210-4AAD-90B8-62A94ED839C8}.Debug|Any CPU.ActiveCfg = Debug|Any CPU
		{7CE3CFF5-D210-4AAD-90B8-62A94ED839C8}.Debug|Any CPU.Build.0 = Debug|Any CPU
		{7CE3CFF5-D210-4AAD-90B8-62A94ED839C8}.Debug|x86.ActiveCfg = Debug|Any CPU
		{7CE3CFF5-D210-4AAD-90B8-62A94ED839C8}.Debug|x86.Build.0 = Debug|Any CPU
		{7CE3CFF5-D210-4AAD-90B8-62A94ED839C8}.Debug-Console|Any CPU.ActiveCfg = Debug|Any CPU
		{7CE3CFF5-D210-4AAD-90B8-62A94ED839C8}.Debug-Console|Any CPU.Build.0 = Debug|Any CPU
		{7CE3CFF5-D210-4AAD-90B8-62A94ED839C8}.Debug-Console|x86.ActiveCfg = Debug|Any CPU
		{7CE3CFF5-D210-4AAD-90B8-62A94ED839C8}.Debug-Console|x86.Build.0 = Debug|Any CPU
		{7CE3CFF5-D210-4AAD-90B8-62A94ED839C8}.Debug-Gui|Any CPU.ActiveCfg = Debug|Any CPU
		{7CE3CFF5-D210-4AAD-90B8-62A94ED839C8}.Debug-Gui|Any CPU.Build.0 = Debug|Any CPU
		{7CE3CFF5-D210-4AAD-90B8-62A94ED839C8}.Debug-Gui|x86.ActiveCfg = Debug|Any CPU
		{7CE3CFF5-D210-4AAD-90B8-62A94ED839C8}.Debug-Gui|x86.Build.0 = Debug|Any CPU
		{7CE3CFF5-D210-4AAD-90B8-62A94ED839C8}.Release|Any CPU.ActiveCfg = Release|Any CPU
		{7CE3CFF5-D210-4AAD-90B8-62A94ED839C8}.Release|Any CPU.Build.0 = Release|Any CPU
		{7CE3CFF5-D210-4AAD-90B8-62A94ED839C8}.Release|x86.ActiveCfg = Release|Any CPU
		{7CE3CFF5-D210-4AAD-90B8-62A94ED839C8}.Release|x86.Build.0 = Release|Any CPU
		{D8B576E1-36DD-4D28-B7AA-E7BCCA41F2C6}.Debug|Any CPU.ActiveCfg = Debug|Any CPU
		{D8B576E1-36DD-4D28-B7AA-E7BCCA41F2C6}.Debug|Any CPU.Build.0 = Debug|Any CPU
		{D8B576E1-36DD-4D28-B7AA-E7BCCA41F2C6}.Debug|x86.ActiveCfg = Debug|Any CPU
		{D8B576E1-36DD-4D28-B7AA-E7BCCA41F2C6}.Debug|x86.Build.0 = Debug|Any CPU
		{D8B576E1-36DD-4D28-B7AA-E7BCCA41F2C6}.Debug-Console|Any CPU.ActiveCfg = Debug|Any CPU
		{D8B576E1-36DD-4D28-B7AA-E7BCCA41F2C6}.Debug-Console|Any CPU.Build.0 = Debug|Any CPU
		{D8B576E1-36DD-4D28-B7AA-E7BCCA41F2C6}.Debug-Console|x86.ActiveCfg = Debug|Any CPU
		{D8B576E1-36DD-4D28-B7AA-E7BCCA41F2C6}.Debug-Console|x86.Build.0 = Debug|Any CPU
		{D8B576E1-36DD-4D28-B7AA-E7BCCA41F2C6}.Debug-Gui|Any CPU.ActiveCfg = Debug|Any CPU
		{D8B576E1-36DD-4D28-B7AA-E7BCCA41F2C6}.Debug-Gui|Any CPU.Build.0 = Debug|Any CPU
		{D8B576E1-36DD-4D28-B7AA-E7BCCA41F2C6}.Debug-Gui|x86.ActiveCfg = Debug|Any CPU
		{D8B576E1-36DD-4D28-B7AA-E7BCCA41F2C6}.Debug-Gui|x86.Build.0 = Debug|Any CPU
		{D8B576E1-36DD-4D28-B7AA-E7BCCA41F2C6}.Release|Any CPU.ActiveCfg = Release|Any CPU
		{D8B576E1-36DD-4D28-B7AA-E7BCCA41F2C6}.Release|Any CPU.Build.0 = Release|Any CPU
		{D8B576E1-36DD-4D28-B7AA-E7BCCA41F2C6}.Release|x86.ActiveCfg = Release|Any CPU
		{D8B576E1-36DD-4D28-B7AA-E7BCCA41F2C6}.Release|x86.Build.0 = Release|Any CPU
	EndGlobalSection
	GlobalSection(SolutionProperties) = preSolution
		HideSolutionNode = FALSE
	EndGlobalSection
	GlobalSection(TestCaseManagementSettings) = postSolution
		CategoryFile = bwl.Network.ClientServerMessaging.vsmdi
	EndGlobalSection
EndGlobal
