
Microsoft Visual Studio Solution File, Format Version 12.00
# Visual Studio Version 17
VisualStudioVersion = 17.12.35527.113
MinimumVisualStudioVersion = 10.0.40219.1
Project("{F184B08F-C81C-45F6-A57F-5ABD9991F28F}") = "Bwl.Network.ClientServer", "Bwl.Network.ClientServer\Bwl.Network.ClientServer.vbproj", "{E8D43E81-DE74-4F1C-9A3B-F3B16ADDFC18}"
EndProject
Project("{F184B08F-C81C-45F6-A57F-5ABD9991F28F}") = "Bwl.Framework", "Bwl.Framework\Bwl.Framework.vbproj", "{E18C7249-22C8-4147-91EF-8A2721F0F026}"
EndProject
Project("{F184B08F-C81C-45F6-A57F-5ABD9991F28F}") = "Bwl.Network.ClientServer.Remoting.Test", "Bwl.Network.ClientServer.Remoting.Test\Bwl.Network.ClientServer.Remoting.Test.vbproj", "{E2939B3A-1ED4-48EC-97E6-F15DFF705C82}"
EndProject
Project("{F184B08F-C81C-45F6-A57F-5ABD9991F28F}") = "Bwl.Network.ClientServer.Remoting.Tool", "Bwl.Network.ClientServer.Remoting.Tool\Bwl.Network.ClientServer.Remoting.Tool.vbproj", "{D2AE6605-F9D6-4115-A5B5-E64FB0B7E63F}"
EndProject
Project("{F184B08F-C81C-45F6-A57F-5ABD9991F28F}") = "Bwl.Network.ClientServer.Repeater.Windows", "Bwl.Network.ClientServer.Repeater\Bwl.Network.ClientServer.Repeater.Windows.vbproj", "{5C1039A1-484A-40C3-B5BE-A868BCCC4889}"
EndProject
Project("{F184B08F-C81C-45F6-A57F-5ABD9991F28F}") = "Bwl.Network.ClientServer.CableTest", "Bwl.Network.ClientServer.CableTest\Bwl.Network.ClientServer.CableTest.vbproj", "{4B6F7924-7B20-4A56-9078-2E460CC1D621}"
EndProject
Project("{F184B08F-C81C-45F6-A57F-5ABD9991F28F}") = "Bwl.Network.ClientServer.FTDI", "Bwl.Network.ClientServer.FTDI\Bwl.Network.ClientServer.FTDI.vbproj", "{D44D54A7-051E-4D6B-AB43-986F96B0082B}"
EndProject
Project("{F184B08F-C81C-45F6-A57F-5ABD9991F28F}") = "Bwl.Network.ClientServer.Test", "Bwl.Network.ClientServer.Test\Bwl.Network.ClientServer.Test.vbproj", "{D31646A7-2452-4F87-BBA2-AB531D6A1699}"
EndProject
Project("{F184B08F-C81C-45F6-A57F-5ABD9991F28F}") = "Bwl.Network.ClientServer.TestResponder", "Bwl.Network.ClientServer.TestResponder\Bwl.Network.ClientServer.TestResponder.vbproj", "{7CE3CFF5-D210-4AAD-90B8-62A94ED839C8}"
EndProject
Project("{F184B08F-C81C-45F6-A57F-5ABD9991F28F}") = "Bwl.Network.ClientServer.Tool", "Bwl.Network.ClientServer.Tool\Bwl.Network.ClientServer.Tool.vbproj", "{D8B576E1-36DD-4D28-B7AA-E7BCCA41F2C6}"
EndProject
Project("{F184B08F-C81C-45F6-A57F-5ABD9991F28F}") = "Bwl.Framework.Windows", "Bwl.Framework.Windows\Bwl.Framework.Windows.vbproj", "{5B278C9D-3D23-450C-9D26-A98714ACCA3F}"
EndProject
Project("{FAE04EC0-301F-11D3-BF4B-00C04F79EFBC}") = "Bwl.Framework.Avalonia", "Bwl.Framework.Avalonia\Bwl.Framework.Avalonia.csproj", "{CF91A467-6C8A-4E64-A483-0FD2E7523D78}"
EndProject
Project("{F184B08F-C81C-45F6-A57F-5ABD9991F28F}") = "Bwl.Framework.Embedded", "Bwl.Framework.Embedded\Bwl.Framework.Embedded.vbproj", "{919854F0-93DB-465F-B1CA-0B4FA8DE4AE4}"
EndProject
Project("{FAE04EC0-301F-11D3-BF4B-00C04F79EFBC}") = "Bwl.Framework.Test.AvaloniaUI", "Bwl.Framework.Test.AvaloniaUI\Bwl.Framework.Test.AvaloniaUI.csproj", "{3BA40E46-9FC9-4EF5-93D4-6B64F43B4D97}"
EndProject
Project("{FAE04EC0-301F-11D3-BF4B-00C04F79EFBC}") = "Bwl.Framework.Test.Console", "Bwl.Framework.Test.Console\Bwl.Framework.Test.Console.csproj", "{6F40DF90-DA56-48E7-92B6-AE8F28488B96}"
EndProject
Project("{F184B08F-C81C-45F6-A57F-5ABD9991F28F}") = "Bwl.Framework.Test.WinForms", "Bwl.Framework.Test.WinForms\Bwl.Framework.Test.WinForms.vbproj", "{590CFCDE-EC31-424B-80E6-2324E46FA565}"
EndProject
Project("{F184B08F-C81C-45F6-A57F-5ABD9991F28F}") = "Bwl.Framework.UnitTests", "Bwl.Framework.UnitTests\Bwl.Framework.UnitTests.vbproj", "{9FA5E33C-7EF9-40DB-BCAF-41476DC5DB64}"
EndProject
Project("{F184B08F-C81C-45F6-A57F-5ABD9991F28F}") = "Bwl.Network.ClientServer.Repeater.CLI", "Bwl.Network.ClientServer.Repeater\Bwl.Network.ClientServer.Repeater.CLI.vbproj", "{EDD8C939-C434-4D22-A380-5609AA61DA98}"
EndProject
Project("{2150E333-8FDC-42A3-9474-1A3956D46DE8}") = "Framework", "Framework", "{D371B39F-4700-441B-AA72-A5CE05645177}"
EndProject
Project("{2150E333-8FDC-42A3-9474-1A3956D46DE8}") = "Framework", "Framework", "{2C0C460B-8940-4ACA-A261-866F08B630C3}"
EndProject
Project("{2150E333-8FDC-42A3-9474-1A3956D46DE8}") = "TestApps", "TestApps", "{EBE3700D-D98A-46C0-BF5C-731B27902731}"
EndProject
Project("{2150E333-8FDC-42A3-9474-1A3956D46DE8}") = "UnitTests", "UnitTests", "{0C403001-3E2C-498B-B340-B52430512AED}"
EndProject
Project("{2150E333-8FDC-42A3-9474-1A3956D46DE8}") = "ClientServer", "ClientServer", "{9D741ED8-AE83-4B83-8359-1B44C938ED35}"
EndProject
Project("{F184B08F-C81C-45F6-A57F-5ABD9991F28F}") = "Bwl.Network.ClientServer.Windows", "Bwl.Network.ClientServer.Windows\Bwl.Network.ClientServer.Windows.vbproj", "{A2B6E9B7-C326-43E4-A155-85D2A4B549CD}"
EndProject
Project("{FAE04EC0-301F-11D3-BF4B-00C04F79EFBC}") = "Bwl.Network.ClientServer.Repeater.Avalonia", "Bwl.Network.ClientServer.Repeater.Avalonia\Bwl.Network.ClientServer.Repeater.Avalonia.csproj", "{322C7BA9-D8D5-46B1-A556-A2D2F6B4458E}"
EndProject
Project("{FAE04EC0-301F-11D3-BF4B-00C04F79EFBC}") = "Bwl.Network.ClientServer.Avalonia", "Bwl.Network.ClientServer.Avalonia\Bwl.Network.ClientServer.Avalonia.csproj", "{8020A58D-592A-4AA4-AF7C-7A0583886507}"
EndProject
Project("{FAE04EC0-301F-11D3-BF4B-00C04F79EFBC}") = "Bwl.Network.ClientServer.Test.Avalonia", "Bwl.Network.ClientServer.Test.Avalonia\Bwl.Network.ClientServer.Test.Avalonia.csproj", "{FF3BF715-1F09-444A-8FA8-25CA8F436938}"
EndProject
Project("{FAE04EC0-301F-11D3-BF4B-00C04F79EFBC}") = "Bwl.Network.ClientServer.CableTest.Avalonia", "Bwl.Network.ClientServer.CableTest.Avalonia\Bwl.Network.ClientServer.CableTest.Avalonia.csproj", "{77B14120-F7FB-4BCD-AC47-F8E5ACFC8D33}"
EndProject
Project("{FAE04EC0-301F-11D3-BF4B-00C04F79EFBC}") = "Bwl.Network.ClientServer.FTDI.Avalonia", "Bwl.Network.ClientServer.FTDI.Avalonia\Bwl.Network.ClientServer.FTDI.Avalonia.csproj", "{99471098-540D-4BEE-A0A6-29838E5AF3C9}"
EndProject
Project("{FAE04EC0-301F-11D3-BF4B-00C04F79EFBC}") = "Bwl.Network.ClientServer.Remoting.Tool.Avalonia", "Bwl.Network.ClientServer.Remoting.Tool.Avalonia\Bwl.Network.ClientServer.Remoting.Tool.Avalonia.csproj", "{2F1942ED-E020-49C0-A2EF-70562210E8D8}"
EndProject
Project("{FAE04EC0-301F-11D3-BF4B-00C04F79EFBC}") = "Bwl.Network.ClientServer.TestResponder.Avalonia", "Bwl.Network.ClientServer.TestResponder.Avalonia\Bwl.Network.ClientServer.TestResponder.Avalonia.csproj", "{F51CC4C4-8A19-49E9-96B0-EF97DD1B5A85}"
EndProject
Global
	GlobalSection(SolutionConfigurationPlatforms) = preSolution
		Debug|Any CPU = Debug|Any CPU
		Debug|x86 = Debug|x86
		Debug-Console|Any CPU = Debug-Console|Any CPU
		Debug-Console|x86 = Debug-Console|x86
		Debug-Gui|Any CPU = Debug-Gui|Any CPU
		Debug-Gui|x86 = Debug-Gui|x86
		Release|Any CPU = Release|Any CPU
		Release|x86 = Release|x86
	EndGlobalSection
	GlobalSection(ProjectConfigurationPlatforms) = postSolution
		{E8D43E81-DE74-4F1C-9A3B-F3B16ADDFC18}.Debug|Any CPU.ActiveCfg = Debug|Any CPU
		{E8D43E81-DE74-4F1C-9A3B-F3B16ADDFC18}.Debug|Any CPU.Build.0 = Debug|Any CPU
		{E8D43E81-DE74-4F1C-9A3B-F3B16ADDFC18}.Debug|x86.ActiveCfg = Debug|Any CPU
		{E8D43E81-DE74-4F1C-9A3B-F3B16ADDFC18}.Debug|x86.Build.0 = Debug|Any CPU
		{E8D43E81-DE74-4F1C-9A3B-F3B16ADDFC18}.Debug-Console|Any CPU.ActiveCfg = Debug|Any CPU
		{E8D43E81-DE74-4F1C-9A3B-F3B16ADDFC18}.Debug-Console|Any CPU.Build.0 = Debug|Any CPU
		{E8D43E81-DE74-4F1C-9A3B-F3B16ADDFC18}.Debug-Console|x86.ActiveCfg = Debug|Any CPU
		{E8D43E81-DE74-4F1C-9A3B-F3B16ADDFC18}.Debug-Console|x86.Build.0 = Debug|Any CPU
		{E8D43E81-DE74-4F1C-9A3B-F3B16ADDFC18}.Debug-Gui|Any CPU.ActiveCfg = Debug|Any CPU
		{E8D43E81-DE74-4F1C-9A3B-F3B16ADDFC18}.Debug-Gui|Any CPU.Build.0 = Debug|Any CPU
		{E8D43E81-DE74-4F1C-9A3B-F3B16ADDFC18}.Debug-Gui|x86.ActiveCfg = Debug|Any CPU
		{E8D43E81-DE74-4F1C-9A3B-F3B16ADDFC18}.Debug-Gui|x86.Build.0 = Debug|Any CPU
		{E8D43E81-DE74-4F1C-9A3B-F3B16ADDFC18}.Release|Any CPU.ActiveCfg = Release|Any CPU
		{E8D43E81-DE74-4F1C-9A3B-F3B16ADDFC18}.Release|Any CPU.Build.0 = Release|Any CPU
		{E8D43E81-DE74-4F1C-9A3B-F3B16ADDFC18}.Release|x86.ActiveCfg = Release|Any CPU
		{E8D43E81-DE74-4F1C-9A3B-F3B16ADDFC18}.Release|x86.Build.0 = Release|Any CPU
		{E18C7249-22C8-4147-91EF-8A2721F0F026}.Debug|Any CPU.ActiveCfg = Debug|Any CPU
		{E18C7249-22C8-4147-91EF-8A2721F0F026}.Debug|Any CPU.Build.0 = Debug|Any CPU
		{E18C7249-22C8-4147-91EF-8A2721F0F026}.Debug|x86.ActiveCfg = Debug|Any CPU
		{E18C7249-22C8-4147-91EF-8A2721F0F026}.Debug|x86.Build.0 = Debug|Any CPU
		{E18C7249-22C8-4147-91EF-8A2721F0F026}.Debug-Console|Any CPU.ActiveCfg = Debug|Any CPU
		{E18C7249-22C8-4147-91EF-8A2721F0F026}.Debug-Console|Any CPU.Build.0 = Debug|Any CPU
		{E18C7249-22C8-4147-91EF-8A2721F0F026}.Debug-Console|x86.ActiveCfg = Debug|Any CPU
		{E18C7249-22C8-4147-91EF-8A2721F0F026}.Debug-Console|x86.Build.0 = Debug|Any CPU
		{E18C7249-22C8-4147-91EF-8A2721F0F026}.Debug-Gui|Any CPU.ActiveCfg = Debug|Any CPU
		{E18C7249-22C8-4147-91EF-8A2721F0F026}.Debug-Gui|Any CPU.Build.0 = Debug|Any CPU
		{E18C7249-22C8-4147-91EF-8A2721F0F026}.Debug-Gui|x86.ActiveCfg = Debug|Any CPU
		{E18C7249-22C8-4147-91EF-8A2721F0F026}.Debug-Gui|x86.Build.0 = Debug|Any CPU
		{E18C7249-22C8-4147-91EF-8A2721F0F026}.Release|Any CPU.ActiveCfg = Release|Any CPU
		{E18C7249-22C8-4147-91EF-8A2721F0F026}.Release|Any CPU.Build.0 = Release|Any CPU
		{E18C7249-22C8-4147-91EF-8A2721F0F026}.Release|x86.ActiveCfg = Release|Any CPU
		{E18C7249-22C8-4147-91EF-8A2721F0F026}.Release|x86.Build.0 = Release|Any CPU
		{E2939B3A-1ED4-48EC-97E6-F15DFF705C82}.Debug|Any CPU.ActiveCfg = Debug|Any CPU
		{E2939B3A-1ED4-48EC-97E6-F15DFF705C82}.Debug|Any CPU.Build.0 = Debug|Any CPU
		{E2939B3A-1ED4-48EC-97E6-F15DFF705C82}.Debug|x86.ActiveCfg = Debug|Any CPU
		{E2939B3A-1ED4-48EC-97E6-F15DFF705C82}.Debug|x86.Build.0 = Debug|Any CPU
		{E2939B3A-1ED4-48EC-97E6-F15DFF705C82}.Debug-Console|Any CPU.ActiveCfg = Debug|Any CPU
		{E2939B3A-1ED4-48EC-97E6-F15DFF705C82}.Debug-Console|Any CPU.Build.0 = Debug|Any CPU
		{E2939B3A-1ED4-48EC-97E6-F15DFF705C82}.Debug-Console|x86.ActiveCfg = Debug|Any CPU
		{E2939B3A-1ED4-48EC-97E6-F15DFF705C82}.Debug-Console|x86.Build.0 = Debug|Any CPU
		{E2939B3A-1ED4-48EC-97E6-F15DFF705C82}.Debug-Gui|Any CPU.ActiveCfg = Debug|Any CPU
		{E2939B3A-1ED4-48EC-97E6-F15DFF705C82}.Debug-Gui|Any CPU.Build.0 = Debug|Any CPU
		{E2939B3A-1ED4-48EC-97E6-F15DFF705C82}.Debug-Gui|x86.ActiveCfg = Debug|Any CPU
		{E2939B3A-1ED4-48EC-97E6-F15DFF705C82}.Debug-Gui|x86.Build.0 = Debug|Any CPU
		{E2939B3A-1ED4-48EC-97E6-F15DFF705C82}.Release|Any CPU.ActiveCfg = Release|Any CPU
		{E2939B3A-1ED4-48EC-97E6-F15DFF705C82}.Release|Any CPU.Build.0 = Release|Any CPU
		{E2939B3A-1ED4-48EC-97E6-F15DFF705C82}.Release|x86.ActiveCfg = Release|Any CPU
		{E2939B3A-1ED4-48EC-97E6-F15DFF705C82}.Release|x86.Build.0 = Release|Any CPU
		{D2AE6605-F9D6-4115-A5B5-E64FB0B7E63F}.Debug|Any CPU.ActiveCfg = Debug|Any CPU
		{D2AE6605-F9D6-4115-A5B5-E64FB0B7E63F}.Debug|Any CPU.Build.0 = Debug|Any CPU
		{D2AE6605-F9D6-4115-A5B5-E64FB0B7E63F}.Debug|x86.ActiveCfg = Debug|Any CPU
		{D2AE6605-F9D6-4115-A5B5-E64FB0B7E63F}.Debug|x86.Build.0 = Debug|Any CPU
		{D2AE6605-F9D6-4115-A5B5-E64FB0B7E63F}.Debug-Console|Any CPU.ActiveCfg = Debug|Any CPU
		{D2AE6605-F9D6-4115-A5B5-E64FB0B7E63F}.Debug-Console|Any CPU.Build.0 = Debug|Any CPU
		{D2AE6605-F9D6-4115-A5B5-E64FB0B7E63F}.Debug-Console|x86.ActiveCfg = Debug|Any CPU
		{D2AE6605-F9D6-4115-A5B5-E64FB0B7E63F}.Debug-Console|x86.Build.0 = Debug|Any CPU
		{D2AE6605-F9D6-4115-A5B5-E64FB0B7E63F}.Debug-Gui|Any CPU.ActiveCfg = Debug|Any CPU
		{D2AE6605-F9D6-4115-A5B5-E64FB0B7E63F}.Debug-Gui|Any CPU.Build.0 = Debug|Any CPU
		{D2AE6605-F9D6-4115-A5B5-E64FB0B7E63F}.Debug-Gui|x86.ActiveCfg = Debug|Any CPU
		{D2AE6605-F9D6-4115-A5B5-E64FB0B7E63F}.Debug-Gui|x86.Build.0 = Debug|Any CPU
		{D2AE6605-F9D6-4115-A5B5-E64FB0B7E63F}.Release|Any CPU.ActiveCfg = Release|Any CPU
		{D2AE6605-F9D6-4115-A5B5-E64FB0B7E63F}.Release|Any CPU.Build.0 = Release|Any CPU
		{D2AE6605-F9D6-4115-A5B5-E64FB0B7E63F}.Release|x86.ActiveCfg = Release|Any CPU
		{D2AE6605-F9D6-4115-A5B5-E64FB0B7E63F}.Release|x86.Build.0 = Release|Any CPU
		{5C1039A1-484A-40C3-B5BE-A868BCCC4889}.Debug|Any CPU.ActiveCfg = Debug|Any CPU
		{5C1039A1-484A-40C3-B5BE-A868BCCC4889}.Debug|Any CPU.Build.0 = Debug|Any CPU
		{5C1039A1-484A-40C3-B5BE-A868BCCC4889}.Debug|x86.ActiveCfg = Debug|Any CPU
		{5C1039A1-484A-40C3-B5BE-A868BCCC4889}.Debug|x86.Build.0 = Debug|Any CPU
		{5C1039A1-484A-40C3-B5BE-A868BCCC4889}.Debug-Console|Any CPU.ActiveCfg = Debug-Console|Any CPU
		{5C1039A1-484A-40C3-B5BE-A868BCCC4889}.Debug-Console|Any CPU.Build.0 = Debug-Console|Any CPU
		{5C1039A1-484A-40C3-B5BE-A868BCCC4889}.Debug-Console|x86.ActiveCfg = Debug-Console|Any CPU
		{5C1039A1-484A-40C3-B5BE-A868BCCC4889}.Debug-Console|x86.Build.0 = Debug-Console|Any CPU
		{5C1039A1-484A-40C3-B5BE-A868BCCC4889}.Debug-Gui|Any CPU.ActiveCfg = Debug-Gui|Any CPU
		{5C1039A1-484A-40C3-B5BE-A868BCCC4889}.Debug-Gui|Any CPU.Build.0 = Debug-Gui|Any CPU
		{5C1039A1-484A-40C3-B5BE-A868BCCC4889}.Debug-Gui|x86.ActiveCfg = Debug-Gui|Any CPU
		{5C1039A1-484A-40C3-B5BE-A868BCCC4889}.Debug-Gui|x86.Build.0 = Debug-Gui|Any CPU
		{5C1039A1-484A-40C3-B5BE-A868BCCC4889}.Release|Any CPU.ActiveCfg = Release|Any CPU
		{5C1039A1-484A-40C3-B5BE-A868BCCC4889}.Release|Any CPU.Build.0 = Release|Any CPU
		{5C1039A1-484A-40C3-B5BE-A868BCCC4889}.Release|x86.ActiveCfg = Release|Any CPU
		{5C1039A1-484A-40C3-B5BE-A868BCCC4889}.Release|x86.Build.0 = Release|Any CPU
		{4B6F7924-7B20-4A56-9078-2E460CC1D621}.Debug|Any CPU.ActiveCfg = Debug|Any CPU
		{4B6F7924-7B20-4A56-9078-2E460CC1D621}.Debug|Any CPU.Build.0 = Debug|Any CPU
		{4B6F7924-7B20-4A56-9078-2E460CC1D621}.Debug|x86.ActiveCfg = Debug|Any CPU
		{4B6F7924-7B20-4A56-9078-2E460CC1D621}.Debug|x86.Build.0 = Debug|Any CPU
		{4B6F7924-7B20-4A56-9078-2E460CC1D621}.Debug-Console|Any CPU.ActiveCfg = Debug|Any CPU
		{4B6F7924-7B20-4A56-9078-2E460CC1D621}.Debug-Console|Any CPU.Build.0 = Debug|Any CPU
		{4B6F7924-7B20-4A56-9078-2E460CC1D621}.Debug-Console|x86.ActiveCfg = Debug|Any CPU
		{4B6F7924-7B20-4A56-9078-2E460CC1D621}.Debug-Console|x86.Build.0 = Debug|Any CPU
		{4B6F7924-7B20-4A56-9078-2E460CC1D621}.Debug-Gui|Any CPU.ActiveCfg = Debug|Any CPU
		{4B6F7924-7B20-4A56-9078-2E460CC1D621}.Debug-Gui|Any CPU.Build.0 = Debug|Any CPU
		{4B6F7924-7B20-4A56-9078-2E460CC1D621}.Debug-Gui|x86.ActiveCfg = Debug|Any CPU
		{4B6F7924-7B20-4A56-9078-2E460CC1D621}.Debug-Gui|x86.Build.0 = Debug|Any CPU
		{4B6F7924-7B20-4A56-9078-2E460CC1D621}.Release|Any CPU.ActiveCfg = Release|Any CPU
		{4B6F7924-7B20-4A56-9078-2E460CC1D621}.Release|Any CPU.Build.0 = Release|Any CPU
		{4B6F7924-7B20-4A56-9078-2E460CC1D621}.Release|x86.ActiveCfg = Release|Any CPU
		{4B6F7924-7B20-4A56-9078-2E460CC1D621}.Release|x86.Build.0 = Release|Any CPU
		{D44D54A7-051E-4D6B-AB43-986F96B0082B}.Debug|Any CPU.ActiveCfg = Debug|Any CPU
		{D44D54A7-051E-4D6B-AB43-986F96B0082B}.Debug|Any CPU.Build.0 = Debug|Any CPU
		{D44D54A7-051E-4D6B-AB43-986F96B0082B}.Debug|x86.ActiveCfg = Debug|Any CPU
		{D44D54A7-051E-4D6B-AB43-986F96B0082B}.Debug|x86.Build.0 = Debug|Any CPU
		{D44D54A7-051E-4D6B-AB43-986F96B0082B}.Debug-Console|Any CPU.ActiveCfg = Debug|Any CPU
		{D44D54A7-051E-4D6B-AB43-986F96B0082B}.Debug-Console|Any CPU.Build.0 = Debug|Any CPU
		{D44D54A7-051E-4D6B-AB43-986F96B0082B}.Debug-Console|x86.ActiveCfg = Debug|Any CPU
		{D44D54A7-051E-4D6B-AB43-986F96B0082B}.Debug-Console|x86.Build.0 = Debug|Any CPU
		{D44D54A7-051E-4D6B-AB43-986F96B0082B}.Debug-Gui|Any CPU.ActiveCfg = Debug|Any CPU
		{D44D54A7-051E-4D6B-AB43-986F96B0082B}.Debug-Gui|Any CPU.Build.0 = Debug|Any CPU
		{D44D54A7-051E-4D6B-AB43-986F96B0082B}.Debug-Gui|x86.ActiveCfg = Debug|Any CPU
		{D44D54A7-051E-4D6B-AB43-986F96B0082B}.Debug-Gui|x86.Build.0 = Debug|Any CPU
		{D44D54A7-051E-4D6B-AB43-986F96B0082B}.Release|Any CPU.ActiveCfg = Release|Any CPU
		{D44D54A7-051E-4D6B-AB43-986F96B0082B}.Release|Any CPU.Build.0 = Release|Any CPU
		{D44D54A7-051E-4D6B-AB43-986F96B0082B}.Release|x86.ActiveCfg = Release|Any CPU
		{D44D54A7-051E-4D6B-AB43-986F96B0082B}.Release|x86.Build.0 = Release|Any CPU
		{D31646A7-2452-4F87-BBA2-AB531D6A1699}.Debug|Any CPU.ActiveCfg = Debug|Any CPU
		{D31646A7-2452-4F87-BBA2-AB531D6A1699}.Debug|Any CPU.Build.0 = Debug|Any CPU
		{D31646A7-2452-4F87-BBA2-AB531D6A1699}.Debug|x86.ActiveCfg = Debug|x86
		{D31646A7-2452-4F87-BBA2-AB531D6A1699}.Debug|x86.Build.0 = Debug|x86
		{D31646A7-2452-4F87-BBA2-AB531D6A1699}.Debug-Console|Any CPU.ActiveCfg = Debug|Any CPU
		{D31646A7-2452-4F87-BBA2-AB531D6A1699}.Debug-Console|Any CPU.Build.0 = Debug|Any CPU
		{D31646A7-2452-4F87-BBA2-AB531D6A1699}.Debug-Console|x86.ActiveCfg = Debug|x86
		{D31646A7-2452-4F87-BBA2-AB531D6A1699}.Debug-Console|x86.Build.0 = Debug|x86
		{D31646A7-2452-4F87-BBA2-AB531D6A1699}.Debug-Gui|Any CPU.ActiveCfg = Debug|Any CPU
		{D31646A7-2452-4F87-BBA2-AB531D6A1699}.Debug-Gui|Any CPU.Build.0 = Debug|Any CPU
		{D31646A7-2452-4F87-BBA2-AB531D6A1699}.Debug-Gui|x86.ActiveCfg = Debug|x86
		{D31646A7-2452-4F87-BBA2-AB531D6A1699}.Debug-Gui|x86.Build.0 = Debug|x86
		{D31646A7-2452-4F87-BBA2-AB531D6A1699}.Release|Any CPU.ActiveCfg = Release|Any CPU
		{D31646A7-2452-4F87-BBA2-AB531D6A1699}.Release|Any CPU.Build.0 = Release|Any CPU
		{D31646A7-2452-4F87-BBA2-AB531D6A1699}.Release|x86.ActiveCfg = Release|x86
		{D31646A7-2452-4F87-BBA2-AB531D6A1699}.Release|x86.Build.0 = Release|x86
		{7CE3CFF5-D210-4AAD-90B8-62A94ED839C8}.Debug|Any CPU.ActiveCfg = Debug|Any CPU
		{7CE3CFF5-D210-4AAD-90B8-62A94ED839C8}.Debug|Any CPU.Build.0 = Debug|Any CPU
		{7CE3CFF5-D210-4AAD-90B8-62A94ED839C8}.Debug|x86.ActiveCfg = Debug|Any CPU
		{7CE3CFF5-D210-4AAD-90B8-62A94ED839C8}.Debug|x86.Build.0 = Debug|Any CPU
		{7CE3CFF5-D210-4AAD-90B8-62A94ED839C8}.Debug-Console|Any CPU.ActiveCfg = Debug|Any CPU
		{7CE3CFF5-D210-4AAD-90B8-62A94ED839C8}.Debug-Console|Any CPU.Build.0 = Debug|Any CPU
		{7CE3CFF5-D210-4AAD-90B8-62A94ED839C8}.Debug-Console|x86.ActiveCfg = Debug|Any CPU
		{7CE3CFF5-D210-4AAD-90B8-62A94ED839C8}.Debug-Console|x86.Build.0 = Debug|Any CPU
		{7CE3CFF5-D210-4AAD-90B8-62A94ED839C8}.Debug-Gui|Any CPU.ActiveCfg = Debug|Any CPU
		{7CE3CFF5-D210-4AAD-90B8-62A94ED839C8}.Debug-Gui|Any CPU.Build.0 = Debug|Any CPU
		{7CE3CFF5-D210-4AAD-90B8-62A94ED839C8}.Debug-Gui|x86.ActiveCfg = Debug|Any CPU
		{7CE3CFF5-D210-4AAD-90B8-62A94ED839C8}.Debug-Gui|x86.Build.0 = Debug|Any CPU
		{7CE3CFF5-D210-4AAD-90B8-62A94ED839C8}.Release|Any CPU.ActiveCfg = Release|Any CPU
		{7CE3CFF5-D210-4AAD-90B8-62A94ED839C8}.Release|Any CPU.Build.0 = Release|Any CPU
		{7CE3CFF5-D210-4AAD-90B8-62A94ED839C8}.Release|x86.ActiveCfg = Release|Any CPU
		{7CE3CFF5-D210-4AAD-90B8-62A94ED839C8}.Release|x86.Build.0 = Release|Any CPU
		{D8B576E1-36DD-4D28-B7AA-E7BCCA41F2C6}.Debug|Any CPU.ActiveCfg = Debug|Any CPU
		{D8B576E1-36DD-4D28-B7AA-E7BCCA41F2C6}.Debug|Any CPU.Build.0 = Debug|Any CPU
		{D8B576E1-36DD-4D28-B7AA-E7BCCA41F2C6}.Debug|x86.ActiveCfg = Debug|Any CPU
		{D8B576E1-36DD-4D28-B7AA-E7BCCA41F2C6}.Debug|x86.Build.0 = Debug|Any CPU
		{D8B576E1-36DD-4D28-B7AA-E7BCCA41F2C6}.Debug-Console|Any CPU.ActiveCfg = Debug|Any CPU
		{D8B576E1-36DD-4D28-B7AA-E7BCCA41F2C6}.Debug-Console|Any CPU.Build.0 = Debug|Any CPU
		{D8B576E1-36DD-4D28-B7AA-E7BCCA41F2C6}.Debug-Console|x86.ActiveCfg = Debug|Any CPU
		{D8B576E1-36DD-4D28-B7AA-E7BCCA41F2C6}.Debug-Console|x86.Build.0 = Debug|Any CPU
		{D8B576E1-36DD-4D28-B7AA-E7BCCA41F2C6}.Debug-Gui|Any CPU.ActiveCfg = Debug|Any CPU
		{D8B576E1-36DD-4D28-B7AA-E7BCCA41F2C6}.Debug-Gui|Any CPU.Build.0 = Debug|Any CPU
		{D8B576E1-36DD-4D28-B7AA-E7BCCA41F2C6}.Debug-Gui|x86.ActiveCfg = Debug|Any CPU
		{D8B576E1-36DD-4D28-B7AA-E7BCCA41F2C6}.Debug-Gui|x86.Build.0 = Debug|Any CPU
		{D8B576E1-36DD-4D28-B7AA-E7BCCA41F2C6}.Release|Any CPU.ActiveCfg = Release|Any CPU
		{D8B576E1-36DD-4D28-B7AA-E7BCCA41F2C6}.Release|Any CPU.Build.0 = Release|Any CPU
		{D8B576E1-36DD-4D28-B7AA-E7BCCA41F2C6}.Release|x86.ActiveCfg = Release|Any CPU
		{D8B576E1-36DD-4D28-B7AA-E7BCCA41F2C6}.Release|x86.Build.0 = Release|Any CPU
		{5B278C9D-3D23-450C-9D26-A98714ACCA3F}.Debug|Any CPU.ActiveCfg = Debug|Any CPU
		{5B278C9D-3D23-450C-9D26-A98714ACCA3F}.Debug|Any CPU.Build.0 = Debug|Any CPU
		{5B278C9D-3D23-450C-9D26-A98714ACCA3F}.Debug|x86.ActiveCfg = Debug|Any CPU
		{5B278C9D-3D23-450C-9D26-A98714ACCA3F}.Debug|x86.Build.0 = Debug|Any CPU
		{5B278C9D-3D23-450C-9D26-A98714ACCA3F}.Debug-Console|Any CPU.ActiveCfg = Debug|Any CPU
		{5B278C9D-3D23-450C-9D26-A98714ACCA3F}.Debug-Console|Any CPU.Build.0 = Debug|Any CPU
		{5B278C9D-3D23-450C-9D26-A98714ACCA3F}.Debug-Console|x86.ActiveCfg = Debug|Any CPU
		{5B278C9D-3D23-450C-9D26-A98714ACCA3F}.Debug-Console|x86.Build.0 = Debug|Any CPU
		{5B278C9D-3D23-450C-9D26-A98714ACCA3F}.Debug-Gui|Any CPU.ActiveCfg = Debug|Any CPU
		{5B278C9D-3D23-450C-9D26-A98714ACCA3F}.Debug-Gui|Any CPU.Build.0 = Debug|Any CPU
		{5B278C9D-3D23-450C-9D26-A98714ACCA3F}.Debug-Gui|x86.ActiveCfg = Debug|Any CPU
		{5B278C9D-3D23-450C-9D26-A98714ACCA3F}.Debug-Gui|x86.Build.0 = Debug|Any CPU
		{5B278C9D-3D23-450C-9D26-A98714ACCA3F}.Release|Any CPU.ActiveCfg = Release|Any CPU
		{5B278C9D-3D23-450C-9D26-A98714ACCA3F}.Release|Any CPU.Build.0 = Release|Any CPU
		{5B278C9D-3D23-450C-9D26-A98714ACCA3F}.Release|x86.ActiveCfg = Release|Any CPU
		{5B278C9D-3D23-450C-9D26-A98714ACCA3F}.Release|x86.Build.0 = Release|Any CPU
		{CF91A467-6C8A-4E64-A483-0FD2E7523D78}.Debug|Any CPU.ActiveCfg = Debug|Any CPU
		{CF91A467-6C8A-4E64-A483-0FD2E7523D78}.Debug|Any CPU.Build.0 = Debug|Any CPU
		{CF91A467-6C8A-4E64-A483-0FD2E7523D78}.Debug|x86.ActiveCfg = Debug|Any CPU
		{CF91A467-6C8A-4E64-A483-0FD2E7523D78}.Debug|x86.Build.0 = Debug|Any CPU
		{CF91A467-6C8A-4E64-A483-0FD2E7523D78}.Debug-Console|Any CPU.ActiveCfg = Debug|Any CPU
		{CF91A467-6C8A-4E64-A483-0FD2E7523D78}.Debug-Console|Any CPU.Build.0 = Debug|Any CPU
		{CF91A467-6C8A-4E64-A483-0FD2E7523D78}.Debug-Console|x86.ActiveCfg = Debug|Any CPU
		{CF91A467-6C8A-4E64-A483-0FD2E7523D78}.Debug-Console|x86.Build.0 = Debug|Any CPU
		{CF91A467-6C8A-4E64-A483-0FD2E7523D78}.Debug-Gui|Any CPU.ActiveCfg = Debug|Any CPU
		{CF91A467-6C8A-4E64-A483-0FD2E7523D78}.Debug-Gui|Any CPU.Build.0 = Debug|Any CPU
		{CF91A467-6C8A-4E64-A483-0FD2E7523D78}.Debug-Gui|x86.ActiveCfg = Debug|Any CPU
		{CF91A467-6C8A-4E64-A483-0FD2E7523D78}.Debug-Gui|x86.Build.0 = Debug|Any CPU
		{CF91A467-6C8A-4E64-A483-0FD2E7523D78}.Release|Any CPU.ActiveCfg = Release|Any CPU
		{CF91A467-6C8A-4E64-A483-0FD2E7523D78}.Release|Any CPU.Build.0 = Release|Any CPU
		{CF91A467-6C8A-4E64-A483-0FD2E7523D78}.Release|x86.ActiveCfg = Release|Any CPU
		{CF91A467-6C8A-4E64-A483-0FD2E7523D78}.Release|x86.Build.0 = Release|Any CPU
		{919854F0-93DB-465F-B1CA-0B4FA8DE4AE4}.Debug|Any CPU.ActiveCfg = Debug|Any CPU
		{919854F0-93DB-465F-B1CA-0B4FA8DE4AE4}.Debug|Any CPU.Build.0 = Debug|Any CPU
		{919854F0-93DB-465F-B1CA-0B4FA8DE4AE4}.Debug|x86.ActiveCfg = Debug|Any CPU
		{919854F0-93DB-465F-B1CA-0B4FA8DE4AE4}.Debug|x86.Build.0 = Debug|Any CPU
		{919854F0-93DB-465F-B1CA-0B4FA8DE4AE4}.Debug-Console|Any CPU.ActiveCfg = Debug|Any CPU
		{919854F0-93DB-465F-B1CA-0B4FA8DE4AE4}.Debug-Console|Any CPU.Build.0 = Debug|Any CPU
		{919854F0-93DB-465F-B1CA-0B4FA8DE4AE4}.Debug-Console|x86.ActiveCfg = Debug|Any CPU
		{919854F0-93DB-465F-B1CA-0B4FA8DE4AE4}.Debug-Console|x86.Build.0 = Debug|Any CPU
		{919854F0-93DB-465F-B1CA-0B4FA8DE4AE4}.Debug-Gui|Any CPU.ActiveCfg = Debug|Any CPU
		{919854F0-93DB-465F-B1CA-0B4FA8DE4AE4}.Debug-Gui|Any CPU.Build.0 = Debug|Any CPU
		{919854F0-93DB-465F-B1CA-0B4FA8DE4AE4}.Debug-Gui|x86.ActiveCfg = Debug|Any CPU
		{919854F0-93DB-465F-B1CA-0B4FA8DE4AE4}.Debug-Gui|x86.Build.0 = Debug|Any CPU
		{919854F0-93DB-465F-B1CA-0B4FA8DE4AE4}.Release|Any CPU.ActiveCfg = Release|Any CPU
		{919854F0-93DB-465F-B1CA-0B4FA8DE4AE4}.Release|Any CPU.Build.0 = Release|Any CPU
		{919854F0-93DB-465F-B1CA-0B4FA8DE4AE4}.Release|x86.ActiveCfg = Release|Any CPU
		{919854F0-93DB-465F-B1CA-0B4FA8DE4AE4}.Release|x86.Build.0 = Release|Any CPU
		{3BA40E46-9FC9-4EF5-93D4-6B64F43B4D97}.Debug|Any CPU.ActiveCfg = Debug|Any CPU
		{3BA40E46-9FC9-4EF5-93D4-6B64F43B4D97}.Debug|Any CPU.Build.0 = Debug|Any CPU
		{3BA40E46-9FC9-4EF5-93D4-6B64F43B4D97}.Debug|x86.ActiveCfg = Debug|Any CPU
		{3BA40E46-9FC9-4EF5-93D4-6B64F43B4D97}.Debug|x86.Build.0 = Debug|Any CPU
		{3BA40E46-9FC9-4EF5-93D4-6B64F43B4D97}.Debug-Console|Any CPU.ActiveCfg = Debug|Any CPU
		{3BA40E46-9FC9-4EF5-93D4-6B64F43B4D97}.Debug-Console|Any CPU.Build.0 = Debug|Any CPU
		{3BA40E46-9FC9-4EF5-93D4-6B64F43B4D97}.Debug-Console|x86.ActiveCfg = Debug|Any CPU
		{3BA40E46-9FC9-4EF5-93D4-6B64F43B4D97}.Debug-Console|x86.Build.0 = Debug|Any CPU
		{3BA40E46-9FC9-4EF5-93D4-6B64F43B4D97}.Debug-Gui|Any CPU.ActiveCfg = Debug|Any CPU
		{3BA40E46-9FC9-4EF5-93D4-6B64F43B4D97}.Debug-Gui|Any CPU.Build.0 = Debug|Any CPU
		{3BA40E46-9FC9-4EF5-93D4-6B64F43B4D97}.Debug-Gui|x86.ActiveCfg = Debug|Any CPU
		{3BA40E46-9FC9-4EF5-93D4-6B64F43B4D97}.Debug-Gui|x86.Build.0 = Debug|Any CPU
		{3BA40E46-9FC9-4EF5-93D4-6B64F43B4D97}.Release|Any CPU.ActiveCfg = Release|Any CPU
		{3BA40E46-9FC9-4EF5-93D4-6B64F43B4D97}.Release|Any CPU.Build.0 = Release|Any CPU
		{3BA40E46-9FC9-4EF5-93D4-6B64F43B4D97}.Release|x86.ActiveCfg = Release|Any CPU
		{3BA40E46-9FC9-4EF5-93D4-6B64F43B4D97}.Release|x86.Build.0 = Release|Any CPU
		{6F40DF90-DA56-48E7-92B6-AE8F28488B96}.Debug|Any CPU.ActiveCfg = Debug|Any CPU
		{6F40DF90-DA56-48E7-92B6-AE8F28488B96}.Debug|Any CPU.Build.0 = Debug|Any CPU
		{6F40DF90-DA56-48E7-92B6-AE8F28488B96}.Debug|x86.ActiveCfg = Debug|Any CPU
		{6F40DF90-DA56-48E7-92B6-AE8F28488B96}.Debug|x86.Build.0 = Debug|Any CPU
		{6F40DF90-DA56-48E7-92B6-AE8F28488B96}.Debug-Console|Any CPU.ActiveCfg = Debug|Any CPU
		{6F40DF90-DA56-48E7-92B6-AE8F28488B96}.Debug-Console|Any CPU.Build.0 = Debug|Any CPU
		{6F40DF90-DA56-48E7-92B6-AE8F28488B96}.Debug-Console|x86.ActiveCfg = Debug|Any CPU
		{6F40DF90-DA56-48E7-92B6-AE8F28488B96}.Debug-Console|x86.Build.0 = Debug|Any CPU
		{6F40DF90-DA56-48E7-92B6-AE8F28488B96}.Debug-Gui|Any CPU.ActiveCfg = Debug|Any CPU
		{6F40DF90-DA56-48E7-92B6-AE8F28488B96}.Debug-Gui|Any CPU.Build.0 = Debug|Any CPU
		{6F40DF90-DA56-48E7-92B6-AE8F28488B96}.Debug-Gui|x86.ActiveCfg = Debug|Any CPU
		{6F40DF90-DA56-48E7-92B6-AE8F28488B96}.Debug-Gui|x86.Build.0 = Debug|Any CPU
		{6F40DF90-DA56-48E7-92B6-AE8F28488B96}.Release|Any CPU.ActiveCfg = Release|Any CPU
		{6F40DF90-DA56-48E7-92B6-AE8F28488B96}.Release|Any CPU.Build.0 = Release|Any CPU
		{6F40DF90-DA56-48E7-92B6-AE8F28488B96}.Release|x86.ActiveCfg = Release|Any CPU
		{6F40DF90-DA56-48E7-92B6-AE8F28488B96}.Release|x86.Build.0 = Release|Any CPU
		{590CFCDE-EC31-424B-80E6-2324E46FA565}.Debug|Any CPU.ActiveCfg = Debug|Any CPU
		{590CFCDE-EC31-424B-80E6-2324E46FA565}.Debug|Any CPU.Build.0 = Debug|Any CPU
		{590CFCDE-EC31-424B-80E6-2324E46FA565}.Debug|x86.ActiveCfg = Debug|Any CPU
		{590CFCDE-EC31-424B-80E6-2324E46FA565}.Debug|x86.Build.0 = Debug|Any CPU
		{590CFCDE-EC31-424B-80E6-2324E46FA565}.Debug-Console|Any CPU.ActiveCfg = Debug|Any CPU
		{590CFCDE-EC31-424B-80E6-2324E46FA565}.Debug-Console|Any CPU.Build.0 = Debug|Any CPU
		{590CFCDE-EC31-424B-80E6-2324E46FA565}.Debug-Console|x86.ActiveCfg = Debug|Any CPU
		{590CFCDE-EC31-424B-80E6-2324E46FA565}.Debug-Console|x86.Build.0 = Debug|Any CPU
		{590CFCDE-EC31-424B-80E6-2324E46FA565}.Debug-Gui|Any CPU.ActiveCfg = Debug|Any CPU
		{590CFCDE-EC31-424B-80E6-2324E46FA565}.Debug-Gui|Any CPU.Build.0 = Debug|Any CPU
		{590CFCDE-EC31-424B-80E6-2324E46FA565}.Debug-Gui|x86.ActiveCfg = Debug|Any CPU
		{590CFCDE-EC31-424B-80E6-2324E46FA565}.Debug-Gui|x86.Build.0 = Debug|Any CPU
		{590CFCDE-EC31-424B-80E6-2324E46FA565}.Release|Any CPU.ActiveCfg = Release|Any CPU
		{590CFCDE-EC31-424B-80E6-2324E46FA565}.Release|Any CPU.Build.0 = Release|Any CPU
		{590CFCDE-EC31-424B-80E6-2324E46FA565}.Release|x86.ActiveCfg = Release|Any CPU
		{590CFCDE-EC31-424B-80E6-2324E46FA565}.Release|x86.Build.0 = Release|Any CPU
		{9FA5E33C-7EF9-40DB-BCAF-41476DC5DB64}.Debug|Any CPU.ActiveCfg = Debug|Any CPU
		{9FA5E33C-7EF9-40DB-BCAF-41476DC5DB64}.Debug|Any CPU.Build.0 = Debug|Any CPU
		{9FA5E33C-7EF9-40DB-BCAF-41476DC5DB64}.Debug|x86.ActiveCfg = Debug|Any CPU
		{9FA5E33C-7EF9-40DB-BCAF-41476DC5DB64}.Debug|x86.Build.0 = Debug|Any CPU
		{9FA5E33C-7EF9-40DB-BCAF-41476DC5DB64}.Debug-Console|Any CPU.ActiveCfg = Debug|Any CPU
		{9FA5E33C-7EF9-40DB-BCAF-41476DC5DB64}.Debug-Console|Any CPU.Build.0 = Debug|Any CPU
		{9FA5E33C-7EF9-40DB-BCAF-41476DC5DB64}.Debug-Console|x86.ActiveCfg = Debug|Any CPU
		{9FA5E33C-7EF9-40DB-BCAF-41476DC5DB64}.Debug-Console|x86.Build.0 = Debug|Any CPU
		{9FA5E33C-7EF9-40DB-BCAF-41476DC5DB64}.Debug-Gui|Any CPU.ActiveCfg = Debug|Any CPU
		{9FA5E33C-7EF9-40DB-BCAF-41476DC5DB64}.Debug-Gui|Any CPU.Build.0 = Debug|Any CPU
		{9FA5E33C-7EF9-40DB-BCAF-41476DC5DB64}.Debug-Gui|x86.ActiveCfg = Debug|Any CPU
		{9FA5E33C-7EF9-40DB-BCAF-41476DC5DB64}.Debug-Gui|x86.Build.0 = Debug|Any CPU
		{9FA5E33C-7EF9-40DB-BCAF-41476DC5DB64}.Release|Any CPU.ActiveCfg = Release|Any CPU
		{9FA5E33C-7EF9-40DB-BCAF-41476DC5DB64}.Release|Any CPU.Build.0 = Release|Any CPU
		{9FA5E33C-7EF9-40DB-BCAF-41476DC5DB64}.Release|x86.ActiveCfg = Release|Any CPU
		{9FA5E33C-7EF9-40DB-BCAF-41476DC5DB64}.Release|x86.Build.0 = Release|Any CPU
		{EDD8C939-C434-4D22-A380-5609AA61DA98}.Debug|Any CPU.ActiveCfg = Debug|Any CPU
		{EDD8C939-C434-4D22-A380-5609AA61DA98}.Debug|Any CPU.Build.0 = Debug|Any CPU
		{EDD8C939-C434-4D22-A380-5609AA61DA98}.Debug|x86.ActiveCfg = Debug|Any CPU
		{EDD8C939-C434-4D22-A380-5609AA61DA98}.Debug|x86.Build.0 = Debug|Any CPU
		{EDD8C939-C434-4D22-A380-5609AA61DA98}.Debug-Console|Any CPU.ActiveCfg = Debug|Any CPU
		{EDD8C939-C434-4D22-A380-5609AA61DA98}.Debug-Console|Any CPU.Build.0 = Debug|Any CPU
		{EDD8C939-C434-4D22-A380-5609AA61DA98}.Debug-Console|x86.ActiveCfg = Debug|Any CPU
		{EDD8C939-C434-4D22-A380-5609AA61DA98}.Debug-Console|x86.Build.0 = Debug|Any CPU
		{EDD8C939-C434-4D22-A380-5609AA61DA98}.Debug-Gui|Any CPU.ActiveCfg = Debug|Any CPU
		{EDD8C939-C434-4D22-A380-5609AA61DA98}.Debug-Gui|Any CPU.Build.0 = Debug|Any CPU
		{EDD8C939-C434-4D22-A380-5609AA61DA98}.Debug-Gui|x86.ActiveCfg = Debug|Any CPU
		{EDD8C939-C434-4D22-A380-5609AA61DA98}.Debug-Gui|x86.Build.0 = Debug|Any CPU
		{EDD8C939-C434-4D22-A380-5609AA61DA98}.Release|Any CPU.ActiveCfg = Release|Any CPU
		{EDD8C939-C434-4D22-A380-5609AA61DA98}.Release|Any CPU.Build.0 = Release|Any CPU
		{EDD8C939-C434-4D22-A380-5609AA61DA98}.Release|x86.ActiveCfg = Release|Any CPU
		{EDD8C939-C434-4D22-A380-5609AA61DA98}.Release|x86.Build.0 = Release|Any CPU
		{A2B6E9B7-C326-43E4-A155-85D2A4B549CD}.Debug|Any CPU.ActiveCfg = Debug|Any CPU
		{A2B6E9B7-C326-43E4-A155-85D2A4B549CD}.Debug|Any CPU.Build.0 = Debug|Any CPU
		{A2B6E9B7-C326-43E4-A155-85D2A4B549CD}.Debug|x86.ActiveCfg = Debug|Any CPU
		{A2B6E9B7-C326-43E4-A155-85D2A4B549CD}.Debug|x86.Build.0 = Debug|Any CPU
		{A2B6E9B7-C326-43E4-A155-85D2A4B549CD}.Debug-Console|Any CPU.ActiveCfg = Debug|Any CPU
		{A2B6E9B7-C326-43E4-A155-85D2A4B549CD}.Debug-Console|Any CPU.Build.0 = Debug|Any CPU
		{A2B6E9B7-C326-43E4-A155-85D2A4B549CD}.Debug-Console|x86.ActiveCfg = Debug|Any CPU
		{A2B6E9B7-C326-43E4-A155-85D2A4B549CD}.Debug-Console|x86.Build.0 = Debug|Any CPU
		{A2B6E9B7-C326-43E4-A155-85D2A4B549CD}.Debug-Gui|Any CPU.ActiveCfg = Debug|Any CPU
		{A2B6E9B7-C326-43E4-A155-85D2A4B549CD}.Debug-Gui|Any CPU.Build.0 = Debug|Any CPU
		{A2B6E9B7-C326-43E4-A155-85D2A4B549CD}.Debug-Gui|x86.ActiveCfg = Debug|Any CPU
		{A2B6E9B7-C326-43E4-A155-85D2A4B549CD}.Debug-Gui|x86.Build.0 = Debug|Any CPU
		{A2B6E9B7-C326-43E4-A155-85D2A4B549CD}.Release|Any CPU.ActiveCfg = Release|Any CPU
		{A2B6E9B7-C326-43E4-A155-85D2A4B549CD}.Release|Any CPU.Build.0 = Release|Any CPU
		{A2B6E9B7-C326-43E4-A155-85D2A4B549CD}.Release|x86.ActiveCfg = Release|Any CPU
		{A2B6E9B7-C326-43E4-A155-85D2A4B549CD}.Release|x86.Build.0 = Release|Any CPU
		{322C7BA9-D8D5-46B1-A556-A2D2F6B4458E}.Debug|Any CPU.ActiveCfg = Debug|Any CPU
		{322C7BA9-D8D5-46B1-A556-A2D2F6B4458E}.Debug|Any CPU.Build.0 = Debug|Any CPU
		{322C7BA9-D8D5-46B1-A556-A2D2F6B4458E}.Debug|x86.ActiveCfg = Debug|Any CPU
		{322C7BA9-D8D5-46B1-A556-A2D2F6B4458E}.Debug|x86.Build.0 = Debug|Any CPU
		{322C7BA9-D8D5-46B1-A556-A2D2F6B4458E}.Debug-Console|Any CPU.ActiveCfg = Debug|Any CPU
		{322C7BA9-D8D5-46B1-A556-A2D2F6B4458E}.Debug-Console|Any CPU.Build.0 = Debug|Any CPU
		{322C7BA9-D8D5-46B1-A556-A2D2F6B4458E}.Debug-Console|x86.ActiveCfg = Debug|Any CPU
		{322C7BA9-D8D5-46B1-A556-A2D2F6B4458E}.Debug-Console|x86.Build.0 = Debug|Any CPU
		{322C7BA9-D8D5-46B1-A556-A2D2F6B4458E}.Debug-Gui|Any CPU.ActiveCfg = Debug|Any CPU
		{322C7BA9-D8D5-46B1-A556-A2D2F6B4458E}.Debug-Gui|Any CPU.Build.0 = Debug|Any CPU
		{322C7BA9-D8D5-46B1-A556-A2D2F6B4458E}.Debug-Gui|x86.ActiveCfg = Debug|Any CPU
		{322C7BA9-D8D5-46B1-A556-A2D2F6B4458E}.Debug-Gui|x86.Build.0 = Debug|Any CPU
		{322C7BA9-D8D5-46B1-A556-A2D2F6B4458E}.Release|Any CPU.ActiveCfg = Release|Any CPU
		{322C7BA9-D8D5-46B1-A556-A2D2F6B4458E}.Release|Any CPU.Build.0 = Release|Any CPU
		{322C7BA9-D8D5-46B1-A556-A2D2F6B4458E}.Release|x86.ActiveCfg = Release|Any CPU
		{322C7BA9-D8D5-46B1-A556-A2D2F6B4458E}.Release|x86.Build.0 = Release|Any CPU
		{8020A58D-592A-4AA4-AF7C-7A0583886507}.Debug|Any CPU.ActiveCfg = Debug|Any CPU
		{8020A58D-592A-4AA4-AF7C-7A0583886507}.Debug|Any CPU.Build.0 = Debug|Any CPU
		{8020A58D-592A-4AA4-AF7C-7A0583886507}.Debug|x86.ActiveCfg = Debug|Any CPU
		{8020A58D-592A-4AA4-AF7C-7A0583886507}.Debug|x86.Build.0 = Debug|Any CPU
		{8020A58D-592A-4AA4-AF7C-7A0583886507}.Debug-Console|Any CPU.ActiveCfg = Debug|Any CPU
		{8020A58D-592A-4AA4-AF7C-7A0583886507}.Debug-Console|Any CPU.Build.0 = Debug|Any CPU
		{8020A58D-592A-4AA4-AF7C-7A0583886507}.Debug-Console|x86.ActiveCfg = Debug|Any CPU
		{8020A58D-592A-4AA4-AF7C-7A0583886507}.Debug-Console|x86.Build.0 = Debug|Any CPU
		{8020A58D-592A-4AA4-AF7C-7A0583886507}.Debug-Gui|Any CPU.ActiveCfg = Debug|Any CPU
		{8020A58D-592A-4AA4-AF7C-7A0583886507}.Debug-Gui|Any CPU.Build.0 = Debug|Any CPU
		{8020A58D-592A-4AA4-AF7C-7A0583886507}.Debug-Gui|x86.ActiveCfg = Debug|Any CPU
		{8020A58D-592A-4AA4-AF7C-7A0583886507}.Debug-Gui|x86.Build.0 = Debug|Any CPU
		{8020A58D-592A-4AA4-AF7C-7A0583886507}.Release|Any CPU.ActiveCfg = Release|Any CPU
		{8020A58D-592A-4AA4-AF7C-7A0583886507}.Release|Any CPU.Build.0 = Release|Any CPU
		{8020A58D-592A-4AA4-AF7C-7A0583886507}.Release|x86.ActiveCfg = Release|Any CPU
		{8020A58D-592A-4AA4-AF7C-7A0583886507}.Release|x86.Build.0 = Release|Any CPU
		{FF3BF715-1F09-444A-8FA8-25CA8F436938}.Debug|Any CPU.ActiveCfg = Debug|Any CPU
		{FF3BF715-1F09-444A-8FA8-25CA8F436938}.Debug|Any CPU.Build.0 = Debug|Any CPU
		{FF3BF715-1F09-444A-8FA8-25CA8F436938}.Debug|x86.ActiveCfg = Debug|Any CPU
		{FF3BF715-1F09-444A-8FA8-25CA8F436938}.Debug|x86.Build.0 = Debug|Any CPU
		{FF3BF715-1F09-444A-8FA8-25CA8F436938}.Debug-Console|Any CPU.ActiveCfg = Debug|Any CPU
		{FF3BF715-1F09-444A-8FA8-25CA8F436938}.Debug-Console|Any CPU.Build.0 = Debug|Any CPU
		{FF3BF715-1F09-444A-8FA8-25CA8F436938}.Debug-Console|x86.ActiveCfg = Debug|Any CPU
		{FF3BF715-1F09-444A-8FA8-25CA8F436938}.Debug-Console|x86.Build.0 = Debug|Any CPU
		{FF3BF715-1F09-444A-8FA8-25CA8F436938}.Debug-Gui|Any CPU.ActiveCfg = Debug|Any CPU
		{FF3BF715-1F09-444A-8FA8-25CA8F436938}.Debug-Gui|Any CPU.Build.0 = Debug|Any CPU
		{FF3BF715-1F09-444A-8FA8-25CA8F436938}.Debug-Gui|x86.ActiveCfg = Debug|Any CPU
		{FF3BF715-1F09-444A-8FA8-25CA8F436938}.Debug-Gui|x86.Build.0 = Debug|Any CPU
		{FF3BF715-1F09-444A-8FA8-25CA8F436938}.Release|Any CPU.ActiveCfg = Release|Any CPU
		{FF3BF715-1F09-444A-8FA8-25CA8F436938}.Release|Any CPU.Build.0 = Release|Any CPU
		{FF3BF715-1F09-444A-8FA8-25CA8F436938}.Release|x86.ActiveCfg = Release|Any CPU
		{FF3BF715-1F09-444A-8FA8-25CA8F436938}.Release|x86.Build.0 = Release|Any CPU
		{77B14120-F7FB-4BCD-AC47-F8E5ACFC8D33}.Debug|Any CPU.ActiveCfg = Debug|Any CPU
		{77B14120-F7FB-4BCD-AC47-F8E5ACFC8D33}.Debug|Any CPU.Build.0 = Debug|Any CPU
		{77B14120-F7FB-4BCD-AC47-F8E5ACFC8D33}.Debug|x86.ActiveCfg = Debug|Any CPU
		{77B14120-F7FB-4BCD-AC47-F8E5ACFC8D33}.Debug|x86.Build.0 = Debug|Any CPU
		{77B14120-F7FB-4BCD-AC47-F8E5ACFC8D33}.Debug-Console|Any CPU.ActiveCfg = Debug|Any CPU
		{77B14120-F7FB-4BCD-AC47-F8E5ACFC8D33}.Debug-Console|Any CPU.Build.0 = Debug|Any CPU
		{77B14120-F7FB-4BCD-AC47-F8E5ACFC8D33}.Debug-Console|x86.ActiveCfg = Debug|Any CPU
		{77B14120-F7FB-4BCD-AC47-F8E5ACFC8D33}.Debug-Console|x86.Build.0 = Debug|Any CPU
		{77B14120-F7FB-4BCD-AC47-F8E5ACFC8D33}.Debug-Gui|Any CPU.ActiveCfg = Debug|Any CPU
		{77B14120-F7FB-4BCD-AC47-F8E5ACFC8D33}.Debug-Gui|Any CPU.Build.0 = Debug|Any CPU
		{77B14120-F7FB-4BCD-AC47-F8E5ACFC8D33}.Debug-Gui|x86.ActiveCfg = Debug|Any CPU
		{77B14120-F7FB-4BCD-AC47-F8E5ACFC8D33}.Debug-Gui|x86.Build.0 = Debug|Any CPU
		{77B14120-F7FB-4BCD-AC47-F8E5ACFC8D33}.Release|Any CPU.ActiveCfg = Release|Any CPU
		{77B14120-F7FB-4BCD-AC47-F8E5ACFC8D33}.Release|Any CPU.Build.0 = Release|Any CPU
		{77B14120-F7FB-4BCD-AC47-F8E5ACFC8D33}.Release|x86.ActiveCfg = Release|Any CPU
		{77B14120-F7FB-4BCD-AC47-F8E5ACFC8D33}.Release|x86.Build.0 = Release|Any CPU
		{99471098-540D-4BEE-A0A6-29838E5AF3C9}.Debug|Any CPU.ActiveCfg = Debug|Any CPU
		{99471098-540D-4BEE-A0A6-29838E5AF3C9}.Debug|Any CPU.Build.0 = Debug|Any CPU
		{99471098-540D-4BEE-A0A6-29838E5AF3C9}.Debug|x86.ActiveCfg = Debug|Any CPU
		{99471098-540D-4BEE-A0A6-29838E5AF3C9}.Debug|x86.Build.0 = Debug|Any CPU
		{99471098-540D-4BEE-A0A6-29838E5AF3C9}.Debug-Console|Any CPU.ActiveCfg = Debug|Any CPU
		{99471098-540D-4BEE-A0A6-29838E5AF3C9}.Debug-Console|Any CPU.Build.0 = Debug|Any CPU
		{99471098-540D-4BEE-A0A6-29838E5AF3C9}.Debug-Console|x86.ActiveCfg = Debug|Any CPU
		{99471098-540D-4BEE-A0A6-29838E5AF3C9}.Debug-Console|x86.Build.0 = Debug|Any CPU
		{99471098-540D-4BEE-A0A6-29838E5AF3C9}.Debug-Gui|Any CPU.ActiveCfg = Debug|Any CPU
		{99471098-540D-4BEE-A0A6-29838E5AF3C9}.Debug-Gui|Any CPU.Build.0 = Debug|Any CPU
		{99471098-540D-4BEE-A0A6-29838E5AF3C9}.Debug-Gui|x86.ActiveCfg = Debug|Any CPU
		{99471098-540D-4BEE-A0A6-29838E5AF3C9}.Debug-Gui|x86.Build.0 = Debug|Any CPU
		{99471098-540D-4BEE-A0A6-29838E5AF3C9}.Release|Any CPU.ActiveCfg = Release|Any CPU
		{99471098-540D-4BEE-A0A6-29838E5AF3C9}.Release|Any CPU.Build.0 = Release|Any CPU
		{99471098-540D-4BEE-A0A6-29838E5AF3C9}.Release|x86.ActiveCfg = Release|Any CPU
		{99471098-540D-4BEE-A0A6-29838E5AF3C9}.Release|x86.Build.0 = Release|Any CPU
		{2F1942ED-E020-49C0-A2EF-70562210E8D8}.Debug|Any CPU.ActiveCfg = Debug|Any CPU
		{2F1942ED-E020-49C0-A2EF-70562210E8D8}.Debug|Any CPU.Build.0 = Debug|Any CPU
		{2F1942ED-E020-49C0-A2EF-70562210E8D8}.Debug|x86.ActiveCfg = Debug|Any CPU
		{2F1942ED-E020-49C0-A2EF-70562210E8D8}.Debug|x86.Build.0 = Debug|Any CPU
		{2F1942ED-E020-49C0-A2EF-70562210E8D8}.Debug-Console|Any CPU.ActiveCfg = Debug|Any CPU
		{2F1942ED-E020-49C0-A2EF-70562210E8D8}.Debug-Console|Any CPU.Build.0 = Debug|Any CPU
		{2F1942ED-E020-49C0-A2EF-70562210E8D8}.Debug-Console|x86.ActiveCfg = Debug|Any CPU
		{2F1942ED-E020-49C0-A2EF-70562210E8D8}.Debug-Console|x86.Build.0 = Debug|Any CPU
		{2F1942ED-E020-49C0-A2EF-70562210E8D8}.Debug-Gui|Any CPU.ActiveCfg = Debug|Any CPU
		{2F1942ED-E020-49C0-A2EF-70562210E8D8}.Debug-Gui|Any CPU.Build.0 = Debug|Any CPU
		{2F1942ED-E020-49C0-A2EF-70562210E8D8}.Debug-Gui|x86.ActiveCfg = Debug|Any CPU
		{2F1942ED-E020-49C0-A2EF-70562210E8D8}.Debug-Gui|x86.Build.0 = Debug|Any CPU
		{2F1942ED-E020-49C0-A2EF-70562210E8D8}.Release|Any CPU.ActiveCfg = Release|Any CPU
		{2F1942ED-E020-49C0-A2EF-70562210E8D8}.Release|Any CPU.Build.0 = Release|Any CPU
		{2F1942ED-E020-49C0-A2EF-70562210E8D8}.Release|x86.ActiveCfg = Release|Any CPU
		{2F1942ED-E020-49C0-A2EF-70562210E8D8}.Release|x86.Build.0 = Release|Any CPU
		{F51CC4C4-8A19-49E9-96B0-EF97DD1B5A85}.Debug|Any CPU.ActiveCfg = Debug|Any CPU
		{F51CC4C4-8A19-49E9-96B0-EF97DD1B5A85}.Debug|Any CPU.Build.0 = Debug|Any CPU
		{F51CC4C4-8A19-49E9-96B0-EF97DD1B5A85}.Debug|x86.ActiveCfg = Debug|Any CPU
		{F51CC4C4-8A19-49E9-96B0-EF97DD1B5A85}.Debug|x86.Build.0 = Debug|Any CPU
		{F51CC4C4-8A19-49E9-96B0-EF97DD1B5A85}.Debug-Console|Any CPU.ActiveCfg = Debug|Any CPU
		{F51CC4C4-8A19-49E9-96B0-EF97DD1B5A85}.Debug-Console|Any CPU.Build.0 = Debug|Any CPU
		{F51CC4C4-8A19-49E9-96B0-EF97DD1B5A85}.Debug-Console|x86.ActiveCfg = Debug|Any CPU
		{F51CC4C4-8A19-49E9-96B0-EF97DD1B5A85}.Debug-Console|x86.Build.0 = Debug|Any CPU
		{F51CC4C4-8A19-49E9-96B0-EF97DD1B5A85}.Debug-Gui|Any CPU.ActiveCfg = Debug|Any CPU
		{F51CC4C4-8A19-49E9-96B0-EF97DD1B5A85}.Debug-Gui|Any CPU.Build.0 = Debug|Any CPU
		{F51CC4C4-8A19-49E9-96B0-EF97DD1B5A85}.Debug-Gui|x86.ActiveCfg = Debug|Any CPU
		{F51CC4C4-8A19-49E9-96B0-EF97DD1B5A85}.Debug-Gui|x86.Build.0 = Debug|Any CPU
		{F51CC4C4-8A19-49E9-96B0-EF97DD1B5A85}.Release|Any CPU.ActiveCfg = Release|Any CPU
		{F51CC4C4-8A19-49E9-96B0-EF97DD1B5A85}.Release|Any CPU.Build.0 = Release|Any CPU
		{F51CC4C4-8A19-49E9-96B0-EF97DD1B5A85}.Release|x86.ActiveCfg = Release|Any CPU
		{F51CC4C4-8A19-49E9-96B0-EF97DD1B5A85}.Release|x86.Build.0 = Release|Any CPU
	EndGlobalSection
	GlobalSection(SolutionProperties) = preSolution
		HideSolutionNode = FALSE
	EndGlobalSection
	GlobalSection(NestedProjects) = preSolution
		{E8D43E81-DE74-4F1C-9A3B-F3B16ADDFC18} = {9D741ED8-AE83-4B83-8359-1B44C938ED35}
		{E18C7249-22C8-4147-91EF-8A2721F0F026} = {2C0C460B-8940-4ACA-A261-866F08B630C3}
		{E2939B3A-1ED4-48EC-97E6-F15DFF705C82} = {9D741ED8-AE83-4B83-8359-1B44C938ED35}
		{D2AE6605-F9D6-4115-A5B5-E64FB0B7E63F} = {9D741ED8-AE83-4B83-8359-1B44C938ED35}
		{5C1039A1-484A-40C3-B5BE-A868BCCC4889} = {9D741ED8-AE83-4B83-8359-1B44C938ED35}
		{4B6F7924-7B20-4A56-9078-2E460CC1D621} = {9D741ED8-AE83-4B83-8359-1B44C938ED35}
		{D44D54A7-051E-4D6B-AB43-986F96B0082B} = {9D741ED8-AE83-4B83-8359-1B44C938ED35}
		{D31646A7-2452-4F87-BBA2-AB531D6A1699} = {9D741ED8-AE83-4B83-8359-1B44C938ED35}
		{7CE3CFF5-D210-4AAD-90B8-62A94ED839C8} = {9D741ED8-AE83-4B83-8359-1B44C938ED35}
		{D8B576E1-36DD-4D28-B7AA-E7BCCA41F2C6} = {9D741ED8-AE83-4B83-8359-1B44C938ED35}
		{5B278C9D-3D23-450C-9D26-A98714ACCA3F} = {2C0C460B-8940-4ACA-A261-866F08B630C3}
		{CF91A467-6C8A-4E64-A483-0FD2E7523D78} = {2C0C460B-8940-4ACA-A261-866F08B630C3}
		{919854F0-93DB-465F-B1CA-0B4FA8DE4AE4} = {2C0C460B-8940-4ACA-A261-866F08B630C3}
		{3BA40E46-9FC9-4EF5-93D4-6B64F43B4D97} = {EBE3700D-D98A-46C0-BF5C-731B27902731}
		{6F40DF90-DA56-48E7-92B6-AE8F28488B96} = {EBE3700D-D98A-46C0-BF5C-731B27902731}
		{590CFCDE-EC31-424B-80E6-2324E46FA565} = {EBE3700D-D98A-46C0-BF5C-731B27902731}
		{9FA5E33C-7EF9-40DB-BCAF-41476DC5DB64} = {0C403001-3E2C-498B-B340-B52430512AED}
		{EDD8C939-C434-4D22-A380-5609AA61DA98} = {9D741ED8-AE83-4B83-8359-1B44C938ED35}
		{2C0C460B-8940-4ACA-A261-866F08B630C3} = {D371B39F-4700-441B-AA72-A5CE05645177}
		{EBE3700D-D98A-46C0-BF5C-731B27902731} = {D371B39F-4700-441B-AA72-A5CE05645177}
		{0C403001-3E2C-498B-B340-B52430512AED} = {D371B39F-4700-441B-AA72-A5CE05645177}
		{A2B6E9B7-C326-43E4-A155-85D2A4B549CD} = {9D741ED8-AE83-4B83-8359-1B44C938ED35}
		{322C7BA9-D8D5-46B1-A556-A2D2F6B4458E} = {9D741ED8-AE83-4B83-8359-1B44C938ED35}
		{8020A58D-592A-4AA4-AF7C-7A0583886507} = {9D741ED8-AE83-4B83-8359-1B44C938ED35}
		{FF3BF715-1F09-444A-8FA8-25CA8F436938} = {9D741ED8-AE83-4B83-8359-1B44C938ED35}
		{77B14120-F7FB-4BCD-AC47-F8E5ACFC8D33} = {9D741ED8-AE83-4B83-8359-1B44C938ED35}
		{99471098-540D-4BEE-A0A6-29838E5AF3C9} = {9D741ED8-AE83-4B83-8359-1B44C938ED35}
		{2F1942ED-E020-49C0-A2EF-70562210E8D8} = {9D741ED8-AE83-4B83-8359-1B44C938ED35}
		{F51CC4C4-8A19-49E9-96B0-EF97DD1B5A85} = {9D741ED8-AE83-4B83-8359-1B44C938ED35}
	EndGlobalSection
	GlobalSection(TestCaseManagementSettings) = postSolution
		CategoryFile = Bwl.Network.ClientServerMessaging.vsmdi
	EndGlobalSection
EndGlobal
