
Microsoft Visual Studio Solution File, Format Version 12.00
# Visual Studio Version 16
VisualStudioVersion = 16.0.30225.117
MinimumVisualStudioVersion = 10.0.40219.1
Project("{F184B08F-C81C-45F6-A57F-5ABD9991F28F}") = "Bwl.Network.ClientServer", "Bwl.Network.ClientServer\Bwl.Network.ClientServer.vbproj", "{E8D43E81-DE74-4F1C-9A3B-F3B16ADDFC18}"
EndProject
Project("{F184B08F-C81C-45F6-A57F-5ABD9991F28F}") = "Bwl.Network.ClientServer.Test", "Bwl.Network.ClientServer.Test\Bwl.Network.ClientServer.Test.vbproj", "{D31646A7-2452-4F87-BBA2-AB531D6A1699}"
EndProject
Project("{F184B08F-C81C-45F6-A57F-5ABD9991F28F}") = "bwl.Network.ClientServer.TestResponder", "bwl.Network.ClientServer.TestResponder\bwl.Network.ClientServer.TestResponder.vbproj", "{7CE3CFF5-D210-4AAD-90B8-62A94ED839C8}"
EndProject
Project("{F184B08F-C81C-45F6-A57F-5ABD9991F28F}") = "Bwl.Framework", "bwl.Framework\Bwl.Framework.vbproj", "{E18C7249-22C8-4147-91EF-8A2721F0F026}"
EndProject
Project("{F184B08F-C81C-45F6-A57F-5ABD9991F28F}") = "Bwl.Framework.Standard", "Bwl.Framework.Standard\Bwl.Framework.Standard.vbproj", "{97C1907A-D4A4-46F8-9972-1102022C28AE}"
EndProject
Global
	GlobalSection(SolutionConfigurationPlatforms) = preSolution
		Debug|Any CPU = Debug|Any CPU
		Release|Any CPU = Release|Any CPU
	EndGlobalSection
	GlobalSection(ProjectConfigurationPlatforms) = postSolution
		{E8D43E81-DE74-4F1C-9A3B-F3B16ADDFC18}.Debug|Any CPU.ActiveCfg = Debug|Any CPU
		{E8D43E81-DE74-4F1C-9A3B-F3B16ADDFC18}.Debug|Any CPU.Build.0 = Debug|Any CPU
		{E8D43E81-DE74-4F1C-9A3B-F3B16ADDFC18}.Release|Any CPU.ActiveCfg = Release|Any CPU
		{E8D43E81-DE74-4F1C-9A3B-F3B16ADDFC18}.Release|Any CPU.Build.0 = Release|Any CPU
		{D31646A7-2452-4F87-BBA2-AB531D6A1699}.Debug|Any CPU.ActiveCfg = Debug|Any CPU
		{D31646A7-2452-4F87-BBA2-AB531D6A1699}.Debug|Any CPU.Build.0 = Debug|Any CPU
		{D31646A7-2452-4F87-BBA2-AB531D6A1699}.Release|Any CPU.ActiveCfg = Release|Any CPU
		{D31646A7-2452-4F87-BBA2-AB531D6A1699}.Release|Any CPU.Build.0 = Release|Any CPU
		{7CE3CFF5-D210-4AAD-90B8-62A94ED839C8}.Debug|Any CPU.ActiveCfg = Debug|Any CPU
		{7CE3CFF5-D210-4AAD-90B8-62A94ED839C8}.Debug|Any CPU.Build.0 = Debug|Any CPU
		{7CE3CFF5-D210-4AAD-90B8-62A94ED839C8}.Release|Any CPU.ActiveCfg = Release|Any CPU
		{7CE3CFF5-D210-4AAD-90B8-62A94ED839C8}.Release|Any CPU.Build.0 = Release|Any CPU
		{E18C7249-22C8-4147-91EF-8A2721F0F026}.Debug|Any CPU.ActiveCfg = Debug|Any CPU
		{E18C7249-22C8-4147-91EF-8A2721F0F026}.Debug|Any CPU.Build.0 = Debug|Any CPU
		{E18C7249-22C8-4147-91EF-8A2721F0F026}.Release|Any CPU.ActiveCfg = Release|Any CPU
		{E18C7249-22C8-4147-91EF-8A2721F0F026}.Release|Any CPU.Build.0 = Release|Any CPU
		{97C1907A-D4A4-46F8-9972-1102022C28AE}.Debug|Any CPU.ActiveCfg = Debug|Any CPU
		{97C1907A-D4A4-46F8-9972-1102022C28AE}.Debug|Any CPU.Build.0 = Debug|Any CPU
		{97C1907A-D4A4-46F8-9972-1102022C28AE}.Release|Any CPU.ActiveCfg = Release|Any CPU
		{97C1907A-D4A4-46F8-9972-1102022C28AE}.Release|Any CPU.Build.0 = Release|Any CPU
	EndGlobalSection
	GlobalSection(SolutionProperties) = preSolution
		HideSolutionNode = FALSE
	EndGlobalSection
	GlobalSection(ExtensibilityGlobals) = postSolution
		SolutionGuid = {B78C1CD1-B326-4913-B30E-F87E100773E0}
	EndGlobalSection
	GlobalSection(TestCaseManagementSettings) = postSolution
		CategoryFile = bwl.Network.ClientServerMessaging.vsmdi
	EndGlobalSection
EndGlobal
