
Microsoft Visual Studio Solution File, Format Version 12.00
# Visual Studio 14
VisualStudioVersion = 14.0.23107.0
MinimumVisualStudioVersion = 10.0.40219.1
Project("{F184B08F-C81C-45F6-A57F-5ABD9991F28F}") = "Bwl.Network.ClientServer", "Bwl.Network.ClientServer\Bwl.Network.ClientServer.vbproj", "{E8D43E81-DE74-4F1C-9A3B-F3B16ADDFC18}"
EndProject
Project("{F184B08F-C81C-45F6-A57F-5ABD9991F28F}") = "Bwl.Framework", "bwl.Framework\Bwl.Framework.vbproj", "{E18C7249-22C8-4147-91EF-8A2721F0F026}"
EndProject
Project("{F184B08F-C81C-45F6-A57F-5ABD9991F28F}") = "bwl.Network.ClientServer.Remoting", "bwl.Network.ClientServer.Remoting\bwl.Network.ClientServer.Remoting.vbproj", "{F9EF5F2B-75D3-4B83-A018-8C08100FD32F}"
EndProject
Project("{F184B08F-C81C-45F6-A57F-5ABD9991F28F}") = "Bwl.Network.ClientServer.Remoting.Tool", "Bwl.Network.ClientServer.Remoting.Tool\Bwl.Network.ClientServer.Remoting.Tool.vbproj", "{D2AE6605-F9D6-4115-A5B5-E64FB0B7E63F}"
EndProject
Global
	GlobalSection(SolutionConfigurationPlatforms) = preSolution
		Debug|Any CPU = Debug|Any CPU
		Debug|Mixed Platforms = Debug|Mixed Platforms
		Debug|x86 = Debug|x86
		Release|Any CPU = Release|Any CPU
		Release|Mixed Platforms = Release|Mixed Platforms
		Release|x86 = Release|x86
	EndGlobalSection
	GlobalSection(ProjectConfigurationPlatforms) = postSolution
		{E8D43E81-DE74-4F1C-9A3B-F3B16ADDFC18}.Debug|Any CPU.ActiveCfg = Debug|Any CPU
		{E8D43E81-DE74-4F1C-9A3B-F3B16ADDFC18}.Debug|Any CPU.Build.0 = Debug|Any CPU
		{E8D43E81-DE74-4F1C-9A3B-F3B16ADDFC18}.Debug|Mixed Platforms.ActiveCfg = Debug|Any CPU
		{E8D43E81-DE74-4F1C-9A3B-F3B16ADDFC18}.Debug|x86.ActiveCfg = Debug|Any CPU
		{E8D43E81-DE74-4F1C-9A3B-F3B16ADDFC18}.Release|Any CPU.ActiveCfg = Release|Any CPU
		{E8D43E81-DE74-4F1C-9A3B-F3B16ADDFC18}.Release|Any CPU.Build.0 = Release|Any CPU
		{E8D43E81-DE74-4F1C-9A3B-F3B16ADDFC18}.Release|Mixed Platforms.ActiveCfg = Release|Any CPU
		{E8D43E81-DE74-4F1C-9A3B-F3B16ADDFC18}.Release|Mixed Platforms.Build.0 = Release|Any CPU
		{E8D43E81-DE74-4F1C-9A3B-F3B16ADDFC18}.Release|x86.ActiveCfg = Release|Any CPU
		{E18C7249-22C8-4147-91EF-8A2721F0F026}.Debug|Any CPU.ActiveCfg = Debug|Any CPU
		{E18C7249-22C8-4147-91EF-8A2721F0F026}.Debug|Any CPU.Build.0 = Debug|Any CPU
		{E18C7249-22C8-4147-91EF-8A2721F0F026}.Debug|Mixed Platforms.ActiveCfg = Debug|Any CPU
		{E18C7249-22C8-4147-91EF-8A2721F0F026}.Debug|Mixed Platforms.Build.0 = Debug|Any CPU
		{E18C7249-22C8-4147-91EF-8A2721F0F026}.Debug|x86.ActiveCfg = Debug|Any CPU
		{E18C7249-22C8-4147-91EF-8A2721F0F026}.Debug|x86.Build.0 = Debug|Any CPU
		{E18C7249-22C8-4147-91EF-8A2721F0F026}.Release|Any CPU.ActiveCfg = Release|Any CPU
		{E18C7249-22C8-4147-91EF-8A2721F0F026}.Release|Any CPU.Build.0 = Release|Any CPU
		{E18C7249-22C8-4147-91EF-8A2721F0F026}.Release|Mixed Platforms.ActiveCfg = Release|Any CPU
		{E18C7249-22C8-4147-91EF-8A2721F0F026}.Release|Mixed Platforms.Build.0 = Release|Any CPU
		{E18C7249-22C8-4147-91EF-8A2721F0F026}.Release|x86.ActiveCfg = Release|Any CPU
		{E18C7249-22C8-4147-91EF-8A2721F0F026}.Release|x86.Build.0 = Release|Any CPU
		{F9EF5F2B-75D3-4B83-A018-8C08100FD32F}.Debug|Any CPU.ActiveCfg = Debug|Any CPU
		{F9EF5F2B-75D3-4B83-A018-8C08100FD32F}.Debug|Any CPU.Build.0 = Debug|Any CPU
		{F9EF5F2B-75D3-4B83-A018-8C08100FD32F}.Debug|Mixed Platforms.ActiveCfg = Debug|Any CPU
		{F9EF5F2B-75D3-4B83-A018-8C08100FD32F}.Debug|Mixed Platforms.Build.0 = Debug|Any CPU
		{F9EF5F2B-75D3-4B83-A018-8C08100FD32F}.Debug|x86.ActiveCfg = Debug|Any CPU
		{F9EF5F2B-75D3-4B83-A018-8C08100FD32F}.Debug|x86.Build.0 = Debug|Any CPU
		{F9EF5F2B-75D3-4B83-A018-8C08100FD32F}.Release|Any CPU.ActiveCfg = Release|Any CPU
		{F9EF5F2B-75D3-4B83-A018-8C08100FD32F}.Release|Any CPU.Build.0 = Release|Any CPU
		{F9EF5F2B-75D3-4B83-A018-8C08100FD32F}.Release|Mixed Platforms.ActiveCfg = Release|Any CPU
		{F9EF5F2B-75D3-4B83-A018-8C08100FD32F}.Release|Mixed Platforms.Build.0 = Release|Any CPU
		{F9EF5F2B-75D3-4B83-A018-8C08100FD32F}.Release|x86.ActiveCfg = Release|Any CPU
		{F9EF5F2B-75D3-4B83-A018-8C08100FD32F}.Release|x86.Build.0 = Release|Any CPU
		{D2AE6605-F9D6-4115-A5B5-E64FB0B7E63F}.Debug|Any CPU.ActiveCfg = Debug|Any CPU
		{D2AE6605-F9D6-4115-A5B5-E64FB0B7E63F}.Debug|Any CPU.Build.0 = Debug|Any CPU
		{D2AE6605-F9D6-4115-A5B5-E64FB0B7E63F}.Debug|Mixed Platforms.ActiveCfg = Debug|Any CPU
		{D2AE6605-F9D6-4115-A5B5-E64FB0B7E63F}.Debug|Mixed Platforms.Build.0 = Debug|Any CPU
		{D2AE6605-F9D6-4115-A5B5-E64FB0B7E63F}.Debug|x86.ActiveCfg = Debug|Any CPU
		{D2AE6605-F9D6-4115-A5B5-E64FB0B7E63F}.Debug|x86.Build.0 = Debug|Any CPU
		{D2AE6605-F9D6-4115-A5B5-E64FB0B7E63F}.Release|Any CPU.ActiveCfg = Release|Any CPU
		{D2AE6605-F9D6-4115-A5B5-E64FB0B7E63F}.Release|Any CPU.Build.0 = Release|Any CPU
		{D2AE6605-F9D6-4115-A5B5-E64FB0B7E63F}.Release|Mixed Platforms.ActiveCfg = Release|Any CPU
		{D2AE6605-F9D6-4115-A5B5-E64FB0B7E63F}.Release|Mixed Platforms.Build.0 = Release|Any CPU
		{D2AE6605-F9D6-4115-A5B5-E64FB0B7E63F}.Release|x86.ActiveCfg = Release|Any CPU
		{D2AE6605-F9D6-4115-A5B5-E64FB0B7E63F}.Release|x86.Build.0 = Release|Any CPU
	EndGlobalSection
	GlobalSection(SolutionProperties) = preSolution
		HideSolutionNode = FALSE
	EndGlobalSection
	GlobalSection(TestCaseManagementSettings) = postSolution
		CategoryFile = bwl.Network.ClientServerMessaging.vsmdi
	EndGlobalSection
EndGlobal
